// !$*UTF8*$!
{
	archiveVersion = 1;
	classes = {
	};
	objectVersion = 56;
	objects = {

/* Begin PBXBuildFile section */
		5B05A60A29EA724E00C89417 /* Localizable.strings in Resources */ = {isa = PBXBuildFile; fileRef = 5B05A60C29EA724E00C89417 /* Localizable.strings */; };
		5B05A61029EAAFD700C89417 /* Localizable.stringsdict in Resources */ = {isa = PBXBuildFile; fileRef = 5B05A61229EAAFD700C89417 /* Localizable.stringsdict */; };
		5B05A61529ECE5CF00C89417 /* CycleManager.swift in Sources */ = {isa = PBXBuildFile; fileRef = 5B05A61429ECE5CF00C89417 /* CycleManager.swift */; };
		5B05A61829ECFD5A00C89417 /* CycleMemoir.swift in Sources */ = {isa = PBXBuildFile; fileRef = 5B05A61729ECFD5A00C89417 /* CycleMemoir.swift */; };
		5B0EBE6F2A603A2D0011B024 /* TimerSettingContraint.swift in Sources */ = {isa = PBXBuildFile; fileRef = 5B0EBE6E2A603A2D0011B024 /* TimerSettingContraint.swift */; };
		5B11CCE92AA5F70E008E1DE5 /* TargetFormCell.swift in Sources */ = {isa = PBXBuildFile; fileRef = 5B11CCE82AA5F70E008E1DE5 /* TargetFormCell.swift */; };
		5B1383FB2A861C7300AC892C /* ManagedSettings.framework in Frameworks */ = {isa = PBXBuildFile; fileRef = 5BF9CDDD2A84EE44002105B0 /* ManagedSettings.framework */; };
		5B1383FD2A861C7300AC892C /* ManagedSettingsUI.framework in Frameworks */ = {isa = PBXBuildFile; fileRef = 5B1383FC2A861C7300AC892C /* ManagedSettingsUI.framework */; };
		5B1384002A861C7300AC892C /* ShieldConfigurationExtension.swift in Sources */ = {isa = PBXBuildFile; fileRef = 5B1383FF2A861C7300AC892C /* ShieldConfigurationExtension.swift */; };
		5B1384052A861C7300AC892C /* ShieldConfiguration.appex in Embed Foundation Extensions */ = {isa = PBXBuildFile; fileRef = 5B1383FA2A861C7300AC892C /* ShieldConfiguration.appex */; settings = {ATTRIBUTES = (RemoveHeadersOnCopy, ); }; };
		5B1384222A8654EF00AC892C /* DeviceActivityMonitorExtension.swift in Sources */ = {isa = PBXBuildFile; fileRef = 5B1384212A8654EF00AC892C /* DeviceActivityMonitorExtension.swift */; };
		5B1384272A8654EF00AC892C /* AppshieldMonitor.appex in Embed Foundation Extensions */ = {isa = PBXBuildFile; fileRef = 5B13841E2A8654EF00AC892C /* AppshieldMonitor.appex */; settings = {ATTRIBUTES = (RemoveHeadersOnCopy, ); }; };
		5B174C272A03720600204C75 /* RoundedHexagon.swift in Sources */ = {isa = PBXBuildFile; fileRef = 5B174C262A03720600204C75 /* RoundedHexagon.swift */; };
		5B174C292A050F3B00204C75 /* HapticManager.swift in Sources */ = {isa = PBXBuildFile; fileRef = 5B174C282A050F3B00204C75 /* HapticManager.swift */; };
		5B1C711C2A1200A800A5D3EB /* TargetManager.swift in Sources */ = {isa = PBXBuildFile; fileRef = 5B1C711B2A1200A800A5D3EB /* TargetManager.swift */; };
		5B1C711F2A12012C00A5D3EB /* Target+PlaceHolder.swift in Sources */ = {isa = PBXBuildFile; fileRef = 5B1C711E2A12012C00A5D3EB /* Target+PlaceHolder.swift */; };
		5B1C71212A120A2A00A5D3EB /* SetTargetForm.swift in Sources */ = {isa = PBXBuildFile; fileRef = 5B1C71202A120A2A00A5D3EB /* SetTargetForm.swift */; };
		5B1C71232A120A7100A5D3EB /* TargetListCell.swift in Sources */ = {isa = PBXBuildFile; fileRef = 5B1C71222A120A7100A5D3EB /* TargetListCell.swift */; };
		5B1C71262A121C3C00A5D3EB /* RangeDatePicker.swift in Sources */ = {isa = PBXBuildFile; fileRef = 5B1C71252A121C3C00A5D3EB /* RangeDatePicker.swift */; };
		5B1E4CF52A691B8500D364A7 /* SetTimeGraph.swift in Sources */ = {isa = PBXBuildFile; fileRef = 5B1E4CF42A691B8500D364A7 /* SetTimeGraph.swift */; };
		5B1E4CF72A69794800D364A7 /* TimePresetRepository.swift in Sources */ = {isa = PBXBuildFile; fileRef = 5B1E4CF62A69794800D364A7 /* TimePresetRepository.swift */; };
		5B1E4CF92A697BB000D364A7 /* TimeSetting.swift in Sources */ = {isa = PBXBuildFile; fileRef = 5B1E4CF82A697BB000D364A7 /* TimeSetting.swift */; };
		5B1E4CFB2A697BB800D364A7 /* Session.swift in Sources */ = {isa = PBXBuildFile; fileRef = 5B1E4CFA2A697BB800D364A7 /* Session.swift */; };
		5B1E75732AA20AA3005D803B /* CGFloat+Spacing.swift in Sources */ = {isa = PBXBuildFile; fileRef = 5B1E75722AA20AA3005D803B /* CGFloat+Spacing.swift */; };
		5B1E75762AA22054005D803B /* StartingTimeFormCell.swift in Sources */ = {isa = PBXBuildFile; fileRef = 5B1E75752AA22054005D803B /* StartingTimeFormCell.swift */; };
		5B1E75792AA22281005D803B /* ToDoTitleFormCell.swift in Sources */ = {isa = PBXBuildFile; fileRef = 5B1E75782AA22281005D803B /* ToDoTitleFormCell.swift */; };
		5B1E757B2AA23BE8005D803B /* TextFieldLimitModifier.swift in Sources */ = {isa = PBXBuildFile; fileRef = 5B1E757A2AA23BE8005D803B /* TextFieldLimitModifier.swift */; };
		5B2767C529F8F30D008398A3 /* CalendarManager.swift in Sources */ = {isa = PBXBuildFile; fileRef = 5B2767C429F8F30D008398A3 /* CalendarManager.swift */; };
		5B2767C729F90355008398A3 /* SetMonthView.swift in Sources */ = {isa = PBXBuildFile; fileRef = 5B2767C629F90355008398A3 /* SetMonthView.swift */; };
		5B2767C929FA2229008398A3 /* DateCell.swift in Sources */ = {isa = PBXBuildFile; fileRef = 5B2767C829FA2229008398A3 /* DateCell.swift */; };
		5B2767CB29FA4633008398A3 /* CycleStore.swift in Sources */ = {isa = PBXBuildFile; fileRef = 5B2767CA29FA4633008398A3 /* CycleStore.swift */; };
		5B2767CD29FA8C1B008398A3 /* CycleListCell.swift in Sources */ = {isa = PBXBuildFile; fileRef = 5B2767CC29FA8C1B008398A3 /* CycleListCell.swift */; };
		5B2C772E2AA7571400EEFBC3 /* HAlignmentModifier.swift in Sources */ = {isa = PBXBuildFile; fileRef = 5B2C772D2AA7571400EEFBC3 /* HAlignmentModifier.swift */; };
		5B2C77302AA7641800EEFBC3 /* RequiredMark.swift in Sources */ = {isa = PBXBuildFile; fileRef = 5B2C772F2AA7641800EEFBC3 /* RequiredMark.swift */; };
		5B2FEABF29DA645E0022F827 /* Cycle.swift in Sources */ = {isa = PBXBuildFile; fileRef = 5B2FEABE29DA645E0022F827 /* Cycle.swift */; };
		5B2FEAC129DD4EF30022F827 /* TagStore.swift in Sources */ = {isa = PBXBuildFile; fileRef = 5B2FEAC029DD4EF30022F827 /* TagStore.swift */; };
		5B350D3B2A56BCE6000B8EF1 /* FirebaseAnalytics in Frameworks */ = {isa = PBXBuildFile; productRef = 5B350D3A2A56BCE6000B8EF1 /* FirebaseAnalytics */; };
		5B350D3D2A56BCE6000B8EF1 /* FirebaseAuth in Frameworks */ = {isa = PBXBuildFile; productRef = 5B350D3C2A56BCE6000B8EF1 /* FirebaseAuth */; };
		5B350D3F2A56BCE6000B8EF1 /* FirebaseFirestore in Frameworks */ = {isa = PBXBuildFile; productRef = 5B350D3E2A56BCE6000B8EF1 /* FirebaseFirestore */; };
		5B350D412A56BCE6000B8EF1 /* FirebaseFirestoreSwift in Frameworks */ = {isa = PBXBuildFile; productRef = 5B350D402A56BCE6000B8EF1 /* FirebaseFirestoreSwift */; };
		5B38FBFF2A0CDC72003F9B5C /* SetNickNameView.swift in Sources */ = {isa = PBXBuildFile; fileRef = 5B38FBFE2A0CDC72003F9B5C /* SetNickNameView.swift */; };
		5B38FC022A0E1695003F9B5C /* LaunchScreenManager.swift in Sources */ = {isa = PBXBuildFile; fileRef = 5B38FC012A0E1695003F9B5C /* LaunchScreenManager.swift */; };
		5B38FC062A0E176F003F9B5C /* LauchScreen.swift in Sources */ = {isa = PBXBuildFile; fileRef = 5B38FC052A0E176F003F9B5C /* LauchScreen.swift */; };
		5B38FC082A0F8268003F9B5C /* Target.swift in Sources */ = {isa = PBXBuildFile; fileRef = 5B38FC072A0F8268003F9B5C /* Target.swift */; };
		5B38FC0A2A0F87BC003F9B5C /* TargetList.swift in Sources */ = {isa = PBXBuildFile; fileRef = 5B38FC092A0F87BC003F9B5C /* TargetList.swift */; };
		5B3CCAAB2A70E32800973F43 /* Factory in Frameworks */ = {isa = PBXBuildFile; productRef = 5B3CCAAA2A70E32800973F43 /* Factory */; };
		5B3CCAAD2A70E46100973F43 /* TargetRepository.swift in Sources */ = {isa = PBXBuildFile; fileRef = 5B3CCAAC2A70E46100973F43 /* TargetRepository.swift */; };
		5B3CCAB32A70EE1500973F43 /* Firebase+Injection.swift in Sources */ = {isa = PBXBuildFile; fileRef = 5B3CCAB22A70EE1500973F43 /* Firebase+Injection.swift */; };
		5B3CCAB62A70EFED00973F43 /* AuthService.swift in Sources */ = {isa = PBXBuildFile; fileRef = 5B3CCAB52A70EFED00973F43 /* AuthService.swift */; };
		5B3CCAB82A70F3CC00973F43 /* AuthService+Injection.swift in Sources */ = {isa = PBXBuildFile; fileRef = 5B3CCAB72A70F3CC00973F43 /* AuthService+Injection.swift */; };
		5B3CCABA2A710AF100973F43 /* TargetRepository+Injection.swift in Sources */ = {isa = PBXBuildFile; fileRef = 5B3CCAB92A710AF100973F43 /* TargetRepository+Injection.swift */; };
		5B3CCABD2A71519800973F43 /* ToDoRepository.swift in Sources */ = {isa = PBXBuildFile; fileRef = 5B3CCABC2A71519800973F43 /* ToDoRepository.swift */; };
		5B3CCABF2A7166AF00973F43 /* ToDoRepository+Injection.swift in Sources */ = {isa = PBXBuildFile; fileRef = 5B3CCABE2A7166AF00973F43 /* ToDoRepository+Injection.swift */; };
		5B3D07C22A721157001691F4 /* TagFormCell.swift in Sources */ = {isa = PBXBuildFile; fileRef = 5B3D07C12A721157001691F4 /* TagFormCell.swift */; };
		5B3D07C52A721908001691F4 /* TagRepository.swift in Sources */ = {isa = PBXBuildFile; fileRef = 5B3D07C42A721908001691F4 /* TagRepository.swift */; };
		5B3D07C72A72390B001691F4 /* TagRepository+Injection.swift in Sources */ = {isa = PBXBuildFile; fileRef = 5B3D07C62A72390B001691F4 /* TagRepository+Injection.swift */; };
		5B3D07CA2A723957001691F4 /* TagManager.swift in Sources */ = {isa = PBXBuildFile; fileRef = 5B3D07C92A723957001691F4 /* TagManager.swift */; };
		5B4214F52A2D57D1004362E5 /* MainRouterView.swift in Sources */ = {isa = PBXBuildFile; fileRef = 5B4214F42A2D57D1004362E5 /* MainRouterView.swift */; };
		5B4214F72A2D5F5F004362E5 /* MainConsole.swift in Sources */ = {isa = PBXBuildFile; fileRef = 5B4214F62A2D5F5F004362E5 /* MainConsole.swift */; };
		5B50E4FA2A8DB2FD00FFD3DA /* AppBlockManager.swift in Sources */ = {isa = PBXBuildFile; fileRef = 5BF9CDD62A84D335002105B0 /* AppBlockManager.swift */; };
		5B54FE432A2B5917000D29ED /* CGFloat+Utils.swift in Sources */ = {isa = PBXBuildFile; fileRef = 5B54FE422A2B5917000D29ED /* CGFloat+Utils.swift */; };
		5B59207D2A627A3B009DD91F /* SetTimePicker.swift in Sources */ = {isa = PBXBuildFile; fileRef = 5B59207C2A627A3B009DD91F /* SetTimePicker.swift */; };
		5B5AF96E2A90AE7B00CFC2A0 /* TimeInterval+Utils.swift in Sources */ = {isa = PBXBuildFile; fileRef = 5B5AF96D2A90AE7B00CFC2A0 /* TimeInterval+Utils.swift */; };
		5B6203852A8DFC44000AE1AB /* PopNotification.swift in Sources */ = {isa = PBXBuildFile; fileRef = 5B6203842A8DFC44000AE1AB /* PopNotification.swift */; };
		5B63175A29E7F27700FF6876 /* RoundedCorners.swift in Sources */ = {isa = PBXBuildFile; fileRef = 5B63175929E7F27700FF6876 /* RoundedCorners.swift */; };
		5B63A59129C8931300AA4525 /* SheetPresenter.swift in Sources */ = {isa = PBXBuildFile; fileRef = 5B63A59029C8931300AA4525 /* SheetPresenter.swift */; };
		5B63A59329C95AD500AA4525 /* SetToDoForm.swift in Sources */ = {isa = PBXBuildFile; fileRef = 5B63A59229C95AD500AA4525 /* SetToDoForm.swift */; };
		5B6585A629EEAE6200F9E758 /* CubeHexagon.swift in Sources */ = {isa = PBXBuildFile; fileRef = 5B6585A529EEAE6200F9E758 /* CubeHexagon.swift */; };
		5B6AB24B2A306281008D09B6 /* TargetTermGauge.swift in Sources */ = {isa = PBXBuildFile; fileRef = 5B6AB24A2A306281008D09B6 /* TargetTermGauge.swift */; };
		5B6AB24D2A30959C008D09B6 /* AppLogoView.swift in Sources */ = {isa = PBXBuildFile; fileRef = 5B6AB24C2A30959C008D09B6 /* AppLogoView.swift */; };
		5B6AB2502A30AB0A008D09B6 /* MainSettingBanner.swift in Sources */ = {isa = PBXBuildFile; fileRef = 5B6AB24F2A30AB0A008D09B6 /* MainSettingBanner.swift */; };
		5B6AB2542A316752008D09B6 /* TextFieldFormContainer.swift in Sources */ = {isa = PBXBuildFile; fileRef = 5B6AB2532A316752008D09B6 /* TextFieldFormContainer.swift */; };
		5B6AB2562A316A75008D09B6 /* FormContainer.swift in Sources */ = {isa = PBXBuildFile; fileRef = 5B6AB2552A316A75008D09B6 /* FormContainer.swift */; };
		5B6DF5F02A36C5F600CCA57F /* DateFormatter+Utils.swift in Sources */ = {isa = PBXBuildFile; fileRef = 5B6DF5EF2A36C5F600CCA57F /* DateFormatter+Utils.swift */; };
		5B6DF5F32A371B4600CCA57F /* TargetDetailView.swift in Sources */ = {isa = PBXBuildFile; fileRef = 5B6DF5F22A371B4600CCA57F /* TargetDetailView.swift */; };
		5B76D0F429C74FE0008883A8 /* TimerManager.swift in Sources */ = {isa = PBXBuildFile; fileRef = 5B76D0F329C74FE0008883A8 /* TimerManager.swift */; };
		5B76D0F629C76A2B008883A8 /* CircularSector.swift in Sources */ = {isa = PBXBuildFile; fileRef = 5B76D0F529C76A2B008883A8 /* CircularSector.swift */; };
		5B841E9F29FBC4D600F1675E /* LocationManager.swift in Sources */ = {isa = PBXBuildFile; fileRef = 5B841E9E29FBC4D600F1675E /* LocationManager.swift */; };
		5B8B119529D07EE6009BB0E6 /* FirstCountdown.swift in Sources */ = {isa = PBXBuildFile; fileRef = 5B8B119429D07EE6009BB0E6 /* FirstCountdown.swift */; };
		5B95E0E42A5BB71F007FA721 /* Array+Utils.swift in Sources */ = {isa = PBXBuildFile; fileRef = 5B95E0E32A5BB71F007FA721 /* Array+Utils.swift */; };
		5B95E0E62A5BE1B4007FA721 /* SetTimeStepper.swift in Sources */ = {isa = PBXBuildFile; fileRef = 5B95E0E52A5BE1B4007FA721 /* SetTimeStepper.swift */; };
		5B95E0E92A5BF543007FA721 /* BatchTimeSettingForm.swift in Sources */ = {isa = PBXBuildFile; fileRef = 5B95E0E82A5BF543007FA721 /* BatchTimeSettingForm.swift */; };
		5B95E0EB2A5BF79F007FA721 /* IndividualTimeSettingForm.swift in Sources */ = {isa = PBXBuildFile; fileRef = 5B95E0EA2A5BF79F007FA721 /* IndividualTimeSettingForm.swift */; };
		5B95E0ED2A5BF7B5007FA721 /* PresetTimeSettingForm.swift in Sources */ = {isa = PBXBuildFile; fileRef = 5B95E0EC2A5BF7B5007FA721 /* PresetTimeSettingForm.swift */; };
		5B95E0EF2A5C54B0007FA721 /* SetTimeSlider.swift in Sources */ = {isa = PBXBuildFile; fileRef = 5B95E0EE2A5C54B0007FA721 /* SetTimeSlider.swift */; };
		5B95E13929D7FC9000E8CBA1 /* AuthManager.swift in Sources */ = {isa = PBXBuildFile; fileRef = 5B95E13829D7FC9000E8CBA1 /* AuthManager.swift */; };
		5B95E13E29D805AC00E8CBA1 /* SignUpView.swift in Sources */ = {isa = PBXBuildFile; fileRef = 5B95E13D29D805AC00E8CBA1 /* SignUpView.swift */; };
		5B95E14029D80B7D00E8CBA1 /* Member.swift in Sources */ = {isa = PBXBuildFile; fileRef = 5B95E13F29D80B7D00E8CBA1 /* Member.swift */; };
		5BA271F92A6BDB210078B6F3 /* TimerTest.swift in Sources */ = {isa = PBXBuildFile; fileRef = 5BA271F82A6BDB210078B6F3 /* TimerTest.swift */; };
		5BA271FD2A6BF1C60078B6F3 /* FirebaseAuth in Frameworks */ = {isa = PBXBuildFile; productRef = 5BA271FC2A6BF1C60078B6F3 /* FirebaseAuth */; };
		5BA271FF2A6BF1C60078B6F3 /* FirebaseFirestore in Frameworks */ = {isa = PBXBuildFile; productRef = 5BA271FE2A6BF1C60078B6F3 /* FirebaseFirestore */; };
		5BA272012A6BF1C60078B6F3 /* FirebaseFirestoreSwift in Frameworks */ = {isa = PBXBuildFile; productRef = 5BA272002A6BF1C60078B6F3 /* FirebaseFirestoreSwift */; };
		5BA9A4392A092E6A00453D65 /* CycleListCellDetail.swift in Sources */ = {isa = PBXBuildFile; fileRef = 5BA9A4382A092E6A00453D65 /* CycleListCellDetail.swift */; };
		5BA9A43C2A09310A00453D65 /* CycleToDoList.swift in Sources */ = {isa = PBXBuildFile; fileRef = 5BA9A43B2A09310A00453D65 /* CycleToDoList.swift */; };
		5BAC85EF2A00F1D500A34056 /* ColorThemeSetting.swift in Sources */ = {isa = PBXBuildFile; fileRef = 5BAC85EE2A00F1D500A34056 /* ColorThemeSetting.swift */; };
		5BB4FEC829C83124009CCD43 /* ToDoManager.swift in Sources */ = {isa = PBXBuildFile; fileRef = 5BB4FEC729C83124009CCD43 /* ToDoManager.swift */; };
		5BB4FECA29C832D9009CCD43 /* ToDo.swift in Sources */ = {isa = PBXBuildFile; fileRef = 5BB4FEC929C832D9009CCD43 /* ToDo.swift */; };
		5BB4FECC29C83964009CCD43 /* HAlignment.swift in Sources */ = {isa = PBXBuildFile; fileRef = 5BB4FECB29C83964009CCD43 /* HAlignment.swift */; };
		5BBD3EED2A7758C400731E20 /* AchievementHexagon.swift in Sources */ = {isa = PBXBuildFile; fileRef = 5BBD3EEC2A7758C400731E20 /* AchievementHexagon.swift */; };
		5BBD3EEF2A77758600731E20 /* ToDoOfTargetRepository.swift in Sources */ = {isa = PBXBuildFile; fileRef = 5BBD3EEE2A77758600731E20 /* ToDoOfTargetRepository.swift */; };
		5BBD3EF22A77DB6D00731E20 /* CycleRepository.swift in Sources */ = {isa = PBXBuildFile; fileRef = 5BBD3EF12A77DB6D00731E20 /* CycleRepository.swift */; };
		5BBD3EF42A77E55B00731E20 /* CycleRepository+Injection.swift in Sources */ = {isa = PBXBuildFile; fileRef = 5BBD3EF32A77E55B00731E20 /* CycleRepository+Injection.swift */; };
		5BBD3EF62A77FEA800731E20 /* String+Utils.swift in Sources */ = {isa = PBXBuildFile; fileRef = 5BBD3EF52A77FEA800731E20 /* String+Utils.swift */; };
		5BC275352A6FE7F90028F5F8 /* TimerHexagon.swift in Sources */ = {isa = PBXBuildFile; fileRef = 5BC275342A6FE7F90028F5F8 /* TimerHexagon.swift */; };
		5BC3E06629C9EA4100863AD2 /* GongdeunTopTests.swift in Sources */ = {isa = PBXBuildFile; fileRef = 5BC3E06529C9EA4100863AD2 /* GongdeunTopTests.swift */; };
		5BCF550429C2CB2500A19759 /* GongdeunTopApp.swift in Sources */ = {isa = PBXBuildFile; fileRef = 5BCF550329C2CB2500A19759 /* GongdeunTopApp.swift */; };
		5BCF550629C2CB2500A19759 /* ContentView.swift in Sources */ = {isa = PBXBuildFile; fileRef = 5BCF550529C2CB2500A19759 /* ContentView.swift */; };
		5BCF550829C2CB2700A19759 /* Assets.xcassets in Resources */ = {isa = PBXBuildFile; fileRef = 5BCF550729C2CB2700A19759 /* Assets.xcassets */; };
		5BCF550B29C2CB2700A19759 /* Preview Assets.xcassets in Resources */ = {isa = PBXBuildFile; fileRef = 5BCF550A29C2CB2700A19759 /* Preview Assets.xcassets */; };
		5BCF551229C2E50100A19759 /* Color+Custom.swift in Sources */ = {isa = PBXBuildFile; fileRef = 5BCF551129C2E50100A19759 /* Color+Custom.swift */; };
		5BCF551629C3065E00A19759 /* CalendarView.swift in Sources */ = {isa = PBXBuildFile; fileRef = 5BCF551529C3065E00A19759 /* CalendarView.swift */; };
		5BCF551B29C30D1600A19759 /* ToDoList.swift in Sources */ = {isa = PBXBuildFile; fileRef = 5BCF551A29C30D1600A19759 /* ToDoList.swift */; };
		5BCF551D29C30DA800A19759 /* SessionsTimer.swift in Sources */ = {isa = PBXBuildFile; fileRef = 5BCF551C29C30DA800A19759 /* SessionsTimer.swift */; };
		5BD3D1D729D1C3BB008E8988 /* ToDoListRow.swift in Sources */ = {isa = PBXBuildFile; fileRef = 5BD3D1D629D1C3BB008E8988 /* ToDoListRow.swift */; };
		5BD3D1D929D1C45A008E8988 /* ToDo+PlaceHolder.swift in Sources */ = {isa = PBXBuildFile; fileRef = 5BD3D1D829D1C45A008E8988 /* ToDo+PlaceHolder.swift */; };
		5BD5131929D574900008E1C9 /* SessionIndicator.swift in Sources */ = {isa = PBXBuildFile; fileRef = 5BD5131829D574900008E1C9 /* SessionIndicator.swift */; };
		5BD5131D29D58D060008E1C9 /* Tag.swift in Sources */ = {isa = PBXBuildFile; fileRef = 5BD5131C29D58D060008E1C9 /* Tag.swift */; };
		5BD70D9F2A8F523000B2F03F /* GoogleService-Info.plist in Resources */ = {isa = PBXBuildFile; fileRef = 5BD70D9E2A8F523000B2F03F /* GoogleService-Info.plist */; };
		5BD70DA02A8F52C200B2F03F /* DeviceActivity.framework in Frameworks */ = {isa = PBXBuildFile; fileRef = 5B1383E72A85FE9E00AC892C /* DeviceActivity.framework */; };
		5BD70DA42A8F641A00B2F03F /* TimerSettingManager.swift in Sources */ = {isa = PBXBuildFile; fileRef = 5BD70DA32A8F641A00B2F03F /* TimerSettingManager.swift */; };
		5BDE83402A95FE88006185E8 /* DayDetailView.swift in Sources */ = {isa = PBXBuildFile; fileRef = 5BDE833F2A95FE88006185E8 /* DayDetailView.swift */; };
		5BDE83422A9600F0006185E8 /* Cycle+Preview.swift in Sources */ = {isa = PBXBuildFile; fileRef = 5BDE83412A9600F0006185E8 /* Cycle+Preview.swift */; };
		5BE45A802A3859F200F42F4F /* TargetDetailManager.swift in Sources */ = {isa = PBXBuildFile; fileRef = 5BE45A7F2A3859F200F42F4F /* TargetDetailManager.swift */; };
		5BE9EEDC29FFFBA500233C49 /* SettingView.swift in Sources */ = {isa = PBXBuildFile; fileRef = 5BE9EEDB29FFFBA500233C49 /* SettingView.swift */; };
		5BF61E922A0296B1007592D6 /* ThemeManager.swift in Sources */ = {isa = PBXBuildFile; fileRef = 5BF61E912A0296B1007592D6 /* ThemeManager.swift */; };
		5BF9CDD52A84A394002105B0 /* ExperimentView.swift in Sources */ = {isa = PBXBuildFile; fileRef = 5BF9CDD42A84A394002105B0 /* ExperimentView.swift */; };
		5BF9CDD72A84D335002105B0 /* AppBlockManager.swift in Sources */ = {isa = PBXBuildFile; fileRef = 5BF9CDD62A84D335002105B0 /* AppBlockManager.swift */; };
		5BFFDB8529C5F299004C5376 /* SetTimeForm.swift in Sources */ = {isa = PBXBuildFile; fileRef = 5BFFDB8429C5F298004C5376 /* SetTimeForm.swift */; };
/* End PBXBuildFile section */

/* Begin PBXContainerItemProxy section */
		5B1384032A861C7300AC892C /* PBXContainerItemProxy */ = {
			isa = PBXContainerItemProxy;
			containerPortal = 5BCF54F829C2CB2500A19759 /* Project object */;
			proxyType = 1;
			remoteGlobalIDString = 5B1383F92A861C7300AC892C;
			remoteInfo = ShieldConfiguration;
		};
		5B1384252A8654EF00AC892C /* PBXContainerItemProxy */ = {
			isa = PBXContainerItemProxy;
			containerPortal = 5BCF54F829C2CB2500A19759 /* Project object */;
			proxyType = 1;
			remoteGlobalIDString = 5B13841D2A8654EF00AC892C;
			remoteInfo = AppshieldMonitor;
		};
		5BC3E06729C9EA4100863AD2 /* PBXContainerItemProxy */ = {
			isa = PBXContainerItemProxy;
			containerPortal = 5BCF54F829C2CB2500A19759 /* Project object */;
			proxyType = 1;
			remoteGlobalIDString = 5BCF54FF29C2CB2500A19759;
			remoteInfo = GongdeunTop;
		};
/* End PBXContainerItemProxy section */

/* Begin PBXCopyFilesBuildPhase section */
		5BF9CDEA2A84EE44002105B0 /* Embed Foundation Extensions */ = {
			isa = PBXCopyFilesBuildPhase;
			buildActionMask = 2147483647;
			dstPath = "";
			dstSubfolderSpec = 13;
			files = (
				5B1384272A8654EF00AC892C /* AppshieldMonitor.appex in Embed Foundation Extensions */,
				5B1384052A861C7300AC892C /* ShieldConfiguration.appex in Embed Foundation Extensions */,
			);
			name = "Embed Foundation Extensions";
			runOnlyForDeploymentPostprocessing = 0;
		};
/* End PBXCopyFilesBuildPhase section */

/* Begin PBXFileReference section */
		5B05A60B29EA724E00C89417 /* en */ = {isa = PBXFileReference; lastKnownFileType = text.plist.strings; name = en; path = en.lproj/Localizable.strings; sourceTree = "<group>"; };
		5B05A60D29EA727200C89417 /* ko */ = {isa = PBXFileReference; lastKnownFileType = text.plist.strings; name = ko; path = ko.lproj/Localizable.strings; sourceTree = "<group>"; };
		5B05A61129EAAFD700C89417 /* en */ = {isa = PBXFileReference; lastKnownFileType = text.plist.stringsdict; name = en; path = en.lproj/Localizable.stringsdict; sourceTree = "<group>"; };
		5B05A61329EC0A4000C89417 /* ko */ = {isa = PBXFileReference; lastKnownFileType = text.plist.stringsdict; name = ko; path = ko.lproj/Localizable.stringsdict; sourceTree = "<group>"; };
		5B05A61429ECE5CF00C89417 /* CycleManager.swift */ = {isa = PBXFileReference; lastKnownFileType = sourcecode.swift; path = CycleManager.swift; sourceTree = "<group>"; };
		5B05A61729ECFD5A00C89417 /* CycleMemoir.swift */ = {isa = PBXFileReference; lastKnownFileType = sourcecode.swift; path = CycleMemoir.swift; sourceTree = "<group>"; };
		5B0EBE6E2A603A2D0011B024 /* TimerSettingContraint.swift */ = {isa = PBXFileReference; lastKnownFileType = sourcecode.swift; path = TimerSettingContraint.swift; sourceTree = "<group>"; };
		5B11CCE82AA5F70E008E1DE5 /* TargetFormCell.swift */ = {isa = PBXFileReference; lastKnownFileType = sourcecode.swift; path = TargetFormCell.swift; sourceTree = "<group>"; };
		5B1383E72A85FE9E00AC892C /* DeviceActivity.framework */ = {isa = PBXFileReference; lastKnownFileType = wrapper.framework; name = DeviceActivity.framework; path = System/Library/Frameworks/DeviceActivity.framework; sourceTree = SDKROOT; };
		5B1383FA2A861C7300AC892C /* ShieldConfiguration.appex */ = {isa = PBXFileReference; explicitFileType = "wrapper.app-extension"; includeInIndex = 0; path = ShieldConfiguration.appex; sourceTree = BUILT_PRODUCTS_DIR; };
		5B1383FC2A861C7300AC892C /* ManagedSettingsUI.framework */ = {isa = PBXFileReference; lastKnownFileType = wrapper.framework; name = ManagedSettingsUI.framework; path = System/Library/Frameworks/ManagedSettingsUI.framework; sourceTree = SDKROOT; };
		5B1383FF2A861C7300AC892C /* ShieldConfigurationExtension.swift */ = {isa = PBXFileReference; lastKnownFileType = sourcecode.swift; path = ShieldConfigurationExtension.swift; sourceTree = "<group>"; };
		5B1384012A861C7300AC892C /* Info.plist */ = {isa = PBXFileReference; lastKnownFileType = text.plist.xml; path = Info.plist; sourceTree = "<group>"; };
		5B1384022A861C7300AC892C /* ShieldConfiguration.entitlements */ = {isa = PBXFileReference; lastKnownFileType = text.plist.entitlements; path = ShieldConfiguration.entitlements; sourceTree = "<group>"; };
		5B13841E2A8654EF00AC892C /* AppshieldMonitor.appex */ = {isa = PBXFileReference; explicitFileType = "wrapper.app-extension"; includeInIndex = 0; path = AppshieldMonitor.appex; sourceTree = BUILT_PRODUCTS_DIR; };
		5B1384212A8654EF00AC892C /* DeviceActivityMonitorExtension.swift */ = {isa = PBXFileReference; lastKnownFileType = sourcecode.swift; path = DeviceActivityMonitorExtension.swift; sourceTree = "<group>"; };
		5B1384232A8654EF00AC892C /* Info.plist */ = {isa = PBXFileReference; lastKnownFileType = text.plist.xml; path = Info.plist; sourceTree = "<group>"; };
		5B1384242A8654EF00AC892C /* AppshieldMonitor.entitlements */ = {isa = PBXFileReference; lastKnownFileType = text.plist.entitlements; path = AppshieldMonitor.entitlements; sourceTree = "<group>"; };
		5B174C262A03720600204C75 /* RoundedHexagon.swift */ = {isa = PBXFileReference; lastKnownFileType = sourcecode.swift; path = RoundedHexagon.swift; sourceTree = "<group>"; };
		5B174C282A050F3B00204C75 /* HapticManager.swift */ = {isa = PBXFileReference; lastKnownFileType = sourcecode.swift; path = HapticManager.swift; sourceTree = "<group>"; };
		5B1C711B2A1200A800A5D3EB /* TargetManager.swift */ = {isa = PBXFileReference; lastKnownFileType = sourcecode.swift; path = TargetManager.swift; sourceTree = "<group>"; };
		5B1C711E2A12012C00A5D3EB /* Target+PlaceHolder.swift */ = {isa = PBXFileReference; lastKnownFileType = sourcecode.swift; path = "Target+PlaceHolder.swift"; sourceTree = "<group>"; };
		5B1C71202A120A2A00A5D3EB /* SetTargetForm.swift */ = {isa = PBXFileReference; lastKnownFileType = sourcecode.swift; path = SetTargetForm.swift; sourceTree = "<group>"; };
		5B1C71222A120A7100A5D3EB /* TargetListCell.swift */ = {isa = PBXFileReference; lastKnownFileType = sourcecode.swift; path = TargetListCell.swift; sourceTree = "<group>"; };
		5B1C71252A121C3C00A5D3EB /* RangeDatePicker.swift */ = {isa = PBXFileReference; lastKnownFileType = sourcecode.swift; path = RangeDatePicker.swift; sourceTree = "<group>"; };
		5B1E4CF42A691B8500D364A7 /* SetTimeGraph.swift */ = {isa = PBXFileReference; lastKnownFileType = sourcecode.swift; path = SetTimeGraph.swift; sourceTree = "<group>"; };
		5B1E4CF62A69794800D364A7 /* TimePresetRepository.swift */ = {isa = PBXFileReference; lastKnownFileType = sourcecode.swift; path = TimePresetRepository.swift; sourceTree = "<group>"; };
		5B1E4CF82A697BB000D364A7 /* TimeSetting.swift */ = {isa = PBXFileReference; lastKnownFileType = sourcecode.swift; path = TimeSetting.swift; sourceTree = "<group>"; };
		5B1E4CFA2A697BB800D364A7 /* Session.swift */ = {isa = PBXFileReference; lastKnownFileType = sourcecode.swift; path = Session.swift; sourceTree = "<group>"; };
		5B1E75722AA20AA3005D803B /* CGFloat+Spacing.swift */ = {isa = PBXFileReference; lastKnownFileType = sourcecode.swift; path = "CGFloat+Spacing.swift"; sourceTree = "<group>"; };
		5B1E75752AA22054005D803B /* StartingTimeFormCell.swift */ = {isa = PBXFileReference; lastKnownFileType = sourcecode.swift; path = StartingTimeFormCell.swift; sourceTree = "<group>"; };
		5B1E75782AA22281005D803B /* ToDoTitleFormCell.swift */ = {isa = PBXFileReference; lastKnownFileType = sourcecode.swift; path = ToDoTitleFormCell.swift; sourceTree = "<group>"; };
		5B1E757A2AA23BE8005D803B /* TextFieldLimitModifier.swift */ = {isa = PBXFileReference; lastKnownFileType = sourcecode.swift; path = TextFieldLimitModifier.swift; sourceTree = "<group>"; };
		5B2767C429F8F30D008398A3 /* CalendarManager.swift */ = {isa = PBXFileReference; lastKnownFileType = sourcecode.swift; path = CalendarManager.swift; sourceTree = "<group>"; };
		5B2767C629F90355008398A3 /* SetMonthView.swift */ = {isa = PBXFileReference; lastKnownFileType = sourcecode.swift; path = SetMonthView.swift; sourceTree = "<group>"; };
		5B2767C829FA2229008398A3 /* DateCell.swift */ = {isa = PBXFileReference; lastKnownFileType = sourcecode.swift; path = DateCell.swift; sourceTree = "<group>"; };
		5B2767CA29FA4633008398A3 /* CycleStore.swift */ = {isa = PBXFileReference; lastKnownFileType = sourcecode.swift; path = CycleStore.swift; sourceTree = "<group>"; };
		5B2767CC29FA8C1B008398A3 /* CycleListCell.swift */ = {isa = PBXFileReference; lastKnownFileType = sourcecode.swift; path = CycleListCell.swift; sourceTree = "<group>"; };
		5B2C772D2AA7571400EEFBC3 /* HAlignmentModifier.swift */ = {isa = PBXFileReference; lastKnownFileType = sourcecode.swift; path = HAlignmentModifier.swift; sourceTree = "<group>"; };
		5B2C772F2AA7641800EEFBC3 /* RequiredMark.swift */ = {isa = PBXFileReference; lastKnownFileType = sourcecode.swift; path = RequiredMark.swift; sourceTree = "<group>"; };
		5B2FEABE29DA645E0022F827 /* Cycle.swift */ = {isa = PBXFileReference; lastKnownFileType = sourcecode.swift; path = Cycle.swift; sourceTree = "<group>"; };
		5B2FEAC029DD4EF30022F827 /* TagStore.swift */ = {isa = PBXFileReference; lastKnownFileType = sourcecode.swift; path = TagStore.swift; sourceTree = "<group>"; };
		5B38FBFE2A0CDC72003F9B5C /* SetNickNameView.swift */ = {isa = PBXFileReference; lastKnownFileType = sourcecode.swift; path = SetNickNameView.swift; sourceTree = "<group>"; };
		5B38FC002A0E1045003F9B5C /* Info.plist */ = {isa = PBXFileReference; lastKnownFileType = text.plist; path = Info.plist; sourceTree = "<group>"; };
		5B38FC012A0E1695003F9B5C /* LaunchScreenManager.swift */ = {isa = PBXFileReference; lastKnownFileType = sourcecode.swift; path = LaunchScreenManager.swift; sourceTree = "<group>"; };
		5B38FC052A0E176F003F9B5C /* LauchScreen.swift */ = {isa = PBXFileReference; lastKnownFileType = sourcecode.swift; path = LauchScreen.swift; sourceTree = "<group>"; };
		5B38FC072A0F8268003F9B5C /* Target.swift */ = {isa = PBXFileReference; lastKnownFileType = sourcecode.swift; path = Target.swift; sourceTree = "<group>"; };
		5B38FC092A0F87BC003F9B5C /* TargetList.swift */ = {isa = PBXFileReference; lastKnownFileType = sourcecode.swift; path = TargetList.swift; sourceTree = "<group>"; };
		5B3CCAAC2A70E46100973F43 /* TargetRepository.swift */ = {isa = PBXFileReference; lastKnownFileType = sourcecode.swift; path = TargetRepository.swift; sourceTree = "<group>"; };
		5B3CCAB22A70EE1500973F43 /* Firebase+Injection.swift */ = {isa = PBXFileReference; lastKnownFileType = sourcecode.swift; path = "Firebase+Injection.swift"; sourceTree = "<group>"; };
		5B3CCAB52A70EFED00973F43 /* AuthService.swift */ = {isa = PBXFileReference; lastKnownFileType = sourcecode.swift; path = AuthService.swift; sourceTree = "<group>"; };
		5B3CCAB72A70F3CC00973F43 /* AuthService+Injection.swift */ = {isa = PBXFileReference; lastKnownFileType = sourcecode.swift; path = "AuthService+Injection.swift"; sourceTree = "<group>"; };
		5B3CCAB92A710AF100973F43 /* TargetRepository+Injection.swift */ = {isa = PBXFileReference; lastKnownFileType = sourcecode.swift; path = "TargetRepository+Injection.swift"; sourceTree = "<group>"; };
		5B3CCABC2A71519800973F43 /* ToDoRepository.swift */ = {isa = PBXFileReference; lastKnownFileType = sourcecode.swift; path = ToDoRepository.swift; sourceTree = "<group>"; };
		5B3CCABE2A7166AF00973F43 /* ToDoRepository+Injection.swift */ = {isa = PBXFileReference; lastKnownFileType = sourcecode.swift; path = "ToDoRepository+Injection.swift"; sourceTree = "<group>"; };
		5B3D07C12A721157001691F4 /* TagFormCell.swift */ = {isa = PBXFileReference; lastKnownFileType = sourcecode.swift; path = TagFormCell.swift; sourceTree = "<group>"; };
		5B3D07C42A721908001691F4 /* TagRepository.swift */ = {isa = PBXFileReference; lastKnownFileType = sourcecode.swift; path = TagRepository.swift; sourceTree = "<group>"; };
		5B3D07C62A72390B001691F4 /* TagRepository+Injection.swift */ = {isa = PBXFileReference; lastKnownFileType = sourcecode.swift; path = "TagRepository+Injection.swift"; sourceTree = "<group>"; };
		5B3D07C92A723957001691F4 /* TagManager.swift */ = {isa = PBXFileReference; lastKnownFileType = sourcecode.swift; path = TagManager.swift; sourceTree = "<group>"; };
		5B4214F42A2D57D1004362E5 /* MainRouterView.swift */ = {isa = PBXFileReference; lastKnownFileType = sourcecode.swift; path = MainRouterView.swift; sourceTree = "<group>"; };
		5B4214F62A2D5F5F004362E5 /* MainConsole.swift */ = {isa = PBXFileReference; lastKnownFileType = sourcecode.swift; path = MainConsole.swift; sourceTree = "<group>"; };
		5B54FE422A2B5917000D29ED /* CGFloat+Utils.swift */ = {isa = PBXFileReference; lastKnownFileType = sourcecode.swift; path = "CGFloat+Utils.swift"; sourceTree = "<group>"; };
		5B59207C2A627A3B009DD91F /* SetTimePicker.swift */ = {isa = PBXFileReference; lastKnownFileType = sourcecode.swift; path = SetTimePicker.swift; sourceTree = "<group>"; };
		5B5AF96D2A90AE7B00CFC2A0 /* TimeInterval+Utils.swift */ = {isa = PBXFileReference; lastKnownFileType = sourcecode.swift; path = "TimeInterval+Utils.swift"; sourceTree = "<group>"; };
		5B6203842A8DFC44000AE1AB /* PopNotification.swift */ = {isa = PBXFileReference; lastKnownFileType = sourcecode.swift; path = PopNotification.swift; sourceTree = "<group>"; };
		5B63175929E7F27700FF6876 /* RoundedCorners.swift */ = {isa = PBXFileReference; lastKnownFileType = sourcecode.swift; path = RoundedCorners.swift; sourceTree = "<group>"; };
		5B63A59029C8931300AA4525 /* SheetPresenter.swift */ = {isa = PBXFileReference; lastKnownFileType = sourcecode.swift; path = SheetPresenter.swift; sourceTree = "<group>"; };
		5B63A59229C95AD500AA4525 /* SetToDoForm.swift */ = {isa = PBXFileReference; lastKnownFileType = sourcecode.swift; path = SetToDoForm.swift; sourceTree = "<group>"; };
		5B6585A529EEAE6200F9E758 /* CubeHexagon.swift */ = {isa = PBXFileReference; lastKnownFileType = sourcecode.swift; path = CubeHexagon.swift; sourceTree = "<group>"; };
		5B6AB24A2A306281008D09B6 /* TargetTermGauge.swift */ = {isa = PBXFileReference; lastKnownFileType = sourcecode.swift; path = TargetTermGauge.swift; sourceTree = "<group>"; };
		5B6AB24C2A30959C008D09B6 /* AppLogoView.swift */ = {isa = PBXFileReference; lastKnownFileType = sourcecode.swift; path = AppLogoView.swift; sourceTree = "<group>"; };
		5B6AB24F2A30AB0A008D09B6 /* MainSettingBanner.swift */ = {isa = PBXFileReference; lastKnownFileType = sourcecode.swift; path = MainSettingBanner.swift; sourceTree = "<group>"; };
		5B6AB2532A316752008D09B6 /* TextFieldFormContainer.swift */ = {isa = PBXFileReference; lastKnownFileType = sourcecode.swift; path = TextFieldFormContainer.swift; sourceTree = "<group>"; };
		5B6AB2552A316A75008D09B6 /* FormContainer.swift */ = {isa = PBXFileReference; lastKnownFileType = sourcecode.swift; path = FormContainer.swift; sourceTree = "<group>"; };
		5B6DF5EF2A36C5F600CCA57F /* DateFormatter+Utils.swift */ = {isa = PBXFileReference; lastKnownFileType = sourcecode.swift; path = "DateFormatter+Utils.swift"; sourceTree = "<group>"; };
		5B6DF5F22A371B4600CCA57F /* TargetDetailView.swift */ = {isa = PBXFileReference; lastKnownFileType = sourcecode.swift; path = TargetDetailView.swift; sourceTree = "<group>"; };
		5B76D0F329C74FE0008883A8 /* TimerManager.swift */ = {isa = PBXFileReference; lastKnownFileType = sourcecode.swift; path = TimerManager.swift; sourceTree = "<group>"; };
		5B76D0F529C76A2B008883A8 /* CircularSector.swift */ = {isa = PBXFileReference; lastKnownFileType = sourcecode.swift; path = CircularSector.swift; sourceTree = "<group>"; };
		5B841E9E29FBC4D600F1675E /* LocationManager.swift */ = {isa = PBXFileReference; lastKnownFileType = sourcecode.swift; path = LocationManager.swift; sourceTree = "<group>"; };
		5B8B119429D07EE6009BB0E6 /* FirstCountdown.swift */ = {isa = PBXFileReference; lastKnownFileType = sourcecode.swift; path = FirstCountdown.swift; sourceTree = "<group>"; };
		5B95E0E32A5BB71F007FA721 /* Array+Utils.swift */ = {isa = PBXFileReference; lastKnownFileType = sourcecode.swift; path = "Array+Utils.swift"; sourceTree = "<group>"; };
		5B95E0E52A5BE1B4007FA721 /* SetTimeStepper.swift */ = {isa = PBXFileReference; lastKnownFileType = sourcecode.swift; path = SetTimeStepper.swift; sourceTree = "<group>"; };
		5B95E0E82A5BF543007FA721 /* BatchTimeSettingForm.swift */ = {isa = PBXFileReference; lastKnownFileType = sourcecode.swift; path = BatchTimeSettingForm.swift; sourceTree = "<group>"; };
		5B95E0EA2A5BF79F007FA721 /* IndividualTimeSettingForm.swift */ = {isa = PBXFileReference; lastKnownFileType = sourcecode.swift; path = IndividualTimeSettingForm.swift; sourceTree = "<group>"; };
		5B95E0EC2A5BF7B5007FA721 /* PresetTimeSettingForm.swift */ = {isa = PBXFileReference; lastKnownFileType = sourcecode.swift; path = PresetTimeSettingForm.swift; sourceTree = "<group>"; };
		5B95E0EE2A5C54B0007FA721 /* SetTimeSlider.swift */ = {isa = PBXFileReference; lastKnownFileType = sourcecode.swift; path = SetTimeSlider.swift; sourceTree = "<group>"; };
		5B95E13829D7FC9000E8CBA1 /* AuthManager.swift */ = {isa = PBXFileReference; lastKnownFileType = sourcecode.swift; path = AuthManager.swift; sourceTree = "<group>"; };
		5B95E13C29D804F000E8CBA1 /* GongdeunTop.entitlements */ = {isa = PBXFileReference; lastKnownFileType = text.plist.entitlements; path = GongdeunTop.entitlements; sourceTree = "<group>"; };
		5B95E13D29D805AC00E8CBA1 /* SignUpView.swift */ = {isa = PBXFileReference; lastKnownFileType = sourcecode.swift; path = SignUpView.swift; sourceTree = "<group>"; };
		5B95E13F29D80B7D00E8CBA1 /* Member.swift */ = {isa = PBXFileReference; lastKnownFileType = sourcecode.swift; path = Member.swift; sourceTree = "<group>"; };
		5BA271F82A6BDB210078B6F3 /* TimerTest.swift */ = {isa = PBXFileReference; lastKnownFileType = sourcecode.swift; path = TimerTest.swift; sourceTree = "<group>"; };
		5BA9A4382A092E6A00453D65 /* CycleListCellDetail.swift */ = {isa = PBXFileReference; lastKnownFileType = sourcecode.swift; path = CycleListCellDetail.swift; sourceTree = "<group>"; };
		5BA9A43B2A09310A00453D65 /* CycleToDoList.swift */ = {isa = PBXFileReference; lastKnownFileType = sourcecode.swift; path = CycleToDoList.swift; sourceTree = "<group>"; };
		5BAC85EE2A00F1D500A34056 /* ColorThemeSetting.swift */ = {isa = PBXFileReference; lastKnownFileType = sourcecode.swift; path = ColorThemeSetting.swift; sourceTree = "<group>"; };
		5BB4FEC729C83124009CCD43 /* ToDoManager.swift */ = {isa = PBXFileReference; lastKnownFileType = sourcecode.swift; path = ToDoManager.swift; sourceTree = "<group>"; };
		5BB4FEC929C832D9009CCD43 /* ToDo.swift */ = {isa = PBXFileReference; lastKnownFileType = sourcecode.swift; path = ToDo.swift; sourceTree = "<group>"; };
		5BB4FECB29C83964009CCD43 /* HAlignment.swift */ = {isa = PBXFileReference; lastKnownFileType = sourcecode.swift; path = HAlignment.swift; sourceTree = "<group>"; };
		5BBD3EEC2A7758C400731E20 /* AchievementHexagon.swift */ = {isa = PBXFileReference; lastKnownFileType = sourcecode.swift; path = AchievementHexagon.swift; sourceTree = "<group>"; };
		5BBD3EEE2A77758600731E20 /* ToDoOfTargetRepository.swift */ = {isa = PBXFileReference; lastKnownFileType = sourcecode.swift; path = ToDoOfTargetRepository.swift; sourceTree = "<group>"; };
		5BBD3EF12A77DB6D00731E20 /* CycleRepository.swift */ = {isa = PBXFileReference; lastKnownFileType = sourcecode.swift; path = CycleRepository.swift; sourceTree = "<group>"; };
		5BBD3EF32A77E55B00731E20 /* CycleRepository+Injection.swift */ = {isa = PBXFileReference; lastKnownFileType = sourcecode.swift; path = "CycleRepository+Injection.swift"; sourceTree = "<group>"; };
		5BBD3EF52A77FEA800731E20 /* String+Utils.swift */ = {isa = PBXFileReference; lastKnownFileType = sourcecode.swift; path = "String+Utils.swift"; sourceTree = "<group>"; };
		5BC275342A6FE7F90028F5F8 /* TimerHexagon.swift */ = {isa = PBXFileReference; lastKnownFileType = sourcecode.swift; path = TimerHexagon.swift; sourceTree = "<group>"; };
		5BC3E06329C9EA4100863AD2 /* GongdeunTopTests.xctest */ = {isa = PBXFileReference; explicitFileType = wrapper.cfbundle; includeInIndex = 0; path = GongdeunTopTests.xctest; sourceTree = BUILT_PRODUCTS_DIR; };
		5BC3E06529C9EA4100863AD2 /* GongdeunTopTests.swift */ = {isa = PBXFileReference; lastKnownFileType = sourcecode.swift; path = GongdeunTopTests.swift; sourceTree = "<group>"; };
		5BCF550029C2CB2500A19759 /* GongdeunTop.app */ = {isa = PBXFileReference; explicitFileType = wrapper.application; includeInIndex = 0; path = GongdeunTop.app; sourceTree = BUILT_PRODUCTS_DIR; };
		5BCF550329C2CB2500A19759 /* GongdeunTopApp.swift */ = {isa = PBXFileReference; lastKnownFileType = sourcecode.swift; path = GongdeunTopApp.swift; sourceTree = "<group>"; };
		5BCF550529C2CB2500A19759 /* ContentView.swift */ = {isa = PBXFileReference; lastKnownFileType = sourcecode.swift; path = ContentView.swift; sourceTree = "<group>"; };
		5BCF550729C2CB2700A19759 /* Assets.xcassets */ = {isa = PBXFileReference; lastKnownFileType = folder.assetcatalog; path = Assets.xcassets; sourceTree = "<group>"; };
		5BCF550A29C2CB2700A19759 /* Preview Assets.xcassets */ = {isa = PBXFileReference; lastKnownFileType = folder.assetcatalog; path = "Preview Assets.xcassets"; sourceTree = "<group>"; };
		5BCF551129C2E50100A19759 /* Color+Custom.swift */ = {isa = PBXFileReference; lastKnownFileType = sourcecode.swift; path = "Color+Custom.swift"; sourceTree = "<group>"; };
		5BCF551529C3065E00A19759 /* CalendarView.swift */ = {isa = PBXFileReference; lastKnownFileType = sourcecode.swift; path = CalendarView.swift; sourceTree = "<group>"; };
		5BCF551A29C30D1600A19759 /* ToDoList.swift */ = {isa = PBXFileReference; lastKnownFileType = sourcecode.swift; path = ToDoList.swift; sourceTree = "<group>"; };
		5BCF551C29C30DA800A19759 /* SessionsTimer.swift */ = {isa = PBXFileReference; lastKnownFileType = sourcecode.swift; path = SessionsTimer.swift; sourceTree = "<group>"; };
		5BD3D1D629D1C3BB008E8988 /* ToDoListRow.swift */ = {isa = PBXFileReference; lastKnownFileType = sourcecode.swift; path = ToDoListRow.swift; sourceTree = "<group>"; };
		5BD3D1D829D1C45A008E8988 /* ToDo+PlaceHolder.swift */ = {isa = PBXFileReference; lastKnownFileType = sourcecode.swift; path = "ToDo+PlaceHolder.swift"; sourceTree = "<group>"; };
		5BD5131829D574900008E1C9 /* SessionIndicator.swift */ = {isa = PBXFileReference; lastKnownFileType = sourcecode.swift; path = SessionIndicator.swift; sourceTree = "<group>"; };
		5BD5131C29D58D060008E1C9 /* Tag.swift */ = {isa = PBXFileReference; lastKnownFileType = sourcecode.swift; path = Tag.swift; sourceTree = "<group>"; };
		5BD70D9E2A8F523000B2F03F /* GoogleService-Info.plist */ = {isa = PBXFileReference; fileEncoding = 4; lastKnownFileType = text.plist.xml; path = "GoogleService-Info.plist"; sourceTree = "<group>"; };
		5BD70DA32A8F641A00B2F03F /* TimerSettingManager.swift */ = {isa = PBXFileReference; lastKnownFileType = sourcecode.swift; path = TimerSettingManager.swift; sourceTree = "<group>"; };
		5BDE833F2A95FE88006185E8 /* DayDetailView.swift */ = {isa = PBXFileReference; lastKnownFileType = sourcecode.swift; path = DayDetailView.swift; sourceTree = "<group>"; };
		5BDE83412A9600F0006185E8 /* Cycle+Preview.swift */ = {isa = PBXFileReference; lastKnownFileType = sourcecode.swift; path = "Cycle+Preview.swift"; sourceTree = "<group>"; };
		5BE45A7F2A3859F200F42F4F /* TargetDetailManager.swift */ = {isa = PBXFileReference; lastKnownFileType = sourcecode.swift; path = TargetDetailManager.swift; sourceTree = "<group>"; };
		5BE9EEDB29FFFBA500233C49 /* SettingView.swift */ = {isa = PBXFileReference; lastKnownFileType = sourcecode.swift; path = SettingView.swift; sourceTree = "<group>"; };
		5BF61E912A0296B1007592D6 /* ThemeManager.swift */ = {isa = PBXFileReference; lastKnownFileType = sourcecode.swift; path = ThemeManager.swift; sourceTree = "<group>"; };
		5BF9CDD42A84A394002105B0 /* ExperimentView.swift */ = {isa = PBXFileReference; lastKnownFileType = sourcecode.swift; path = ExperimentView.swift; sourceTree = "<group>"; };
		5BF9CDD62A84D335002105B0 /* AppBlockManager.swift */ = {isa = PBXFileReference; lastKnownFileType = sourcecode.swift; path = AppBlockManager.swift; sourceTree = "<group>"; };
		5BF9CDDD2A84EE44002105B0 /* ManagedSettings.framework */ = {isa = PBXFileReference; lastKnownFileType = wrapper.framework; name = ManagedSettings.framework; path = System/Library/Frameworks/ManagedSettings.framework; sourceTree = SDKROOT; };
		5BFFDB8429C5F298004C5376 /* SetTimeForm.swift */ = {isa = PBXFileReference; lastKnownFileType = sourcecode.swift; path = SetTimeForm.swift; sourceTree = "<group>"; };
/* End PBXFileReference section */

/* Begin PBXFrameworksBuildPhase section */
		5B1383F72A861C7300AC892C /* Frameworks */ = {
			isa = PBXFrameworksBuildPhase;
			buildActionMask = 2147483647;
			files = (
				5B1383FB2A861C7300AC892C /* ManagedSettings.framework in Frameworks */,
				5B1383FD2A861C7300AC892C /* ManagedSettingsUI.framework in Frameworks */,
			);
			runOnlyForDeploymentPostprocessing = 0;
		};
		5B13841B2A8654EF00AC892C /* Frameworks */ = {
			isa = PBXFrameworksBuildPhase;
			buildActionMask = 2147483647;
			files = (
				5BD70DA02A8F52C200B2F03F /* DeviceActivity.framework in Frameworks */,
			);
			runOnlyForDeploymentPostprocessing = 0;
		};
		5BC3E06029C9EA4100863AD2 /* Frameworks */ = {
			isa = PBXFrameworksBuildPhase;
			buildActionMask = 2147483647;
			files = (
				5BA271FD2A6BF1C60078B6F3 /* FirebaseAuth in Frameworks */,
				5BA271FF2A6BF1C60078B6F3 /* FirebaseFirestore in Frameworks */,
				5BA272012A6BF1C60078B6F3 /* FirebaseFirestoreSwift in Frameworks */,
			);
			runOnlyForDeploymentPostprocessing = 0;
		};
		5BCF54FD29C2CB2500A19759 /* Frameworks */ = {
			isa = PBXFrameworksBuildPhase;
			buildActionMask = 2147483647;
			files = (
				5B350D3B2A56BCE6000B8EF1 /* FirebaseAnalytics in Frameworks */,
				5B3CCAAB2A70E32800973F43 /* Factory in Frameworks */,
				5B350D3D2A56BCE6000B8EF1 /* FirebaseAuth in Frameworks */,
				5B350D3F2A56BCE6000B8EF1 /* FirebaseFirestore in Frameworks */,
				5B350D412A56BCE6000B8EF1 /* FirebaseFirestoreSwift in Frameworks */,
			);
			runOnlyForDeploymentPostprocessing = 0;
		};
/* End PBXFrameworksBuildPhase section */

/* Begin PBXGroup section */
		5B05A61629ECFD3E00C89417 /* Timer */ = {
			isa = PBXGroup;
			children = (
				5BCF551C29C30DA800A19759 /* SessionsTimer.swift */,
				5BC275342A6FE7F90028F5F8 /* TimerHexagon.swift */,
				5B95E0E72A5BE24F007FA721 /* SetTime */,
				5BD5131829D574900008E1C9 /* SessionIndicator.swift */,
				5B8B119429D07EE6009BB0E6 /* FirstCountdown.swift */,
			);
			path = Timer;
			sourceTree = "<group>";
		};
		5B1383FE2A861C7300AC892C /* ShieldConfiguration */ = {
			isa = PBXGroup;
			children = (
				5B1383FF2A861C7300AC892C /* ShieldConfigurationExtension.swift */,
				5B1384012A861C7300AC892C /* Info.plist */,
				5B1384022A861C7300AC892C /* ShieldConfiguration.entitlements */,
			);
			path = ShieldConfiguration;
			sourceTree = "<group>";
		};
		5B1384202A8654EF00AC892C /* AppshieldMonitor */ = {
			isa = PBXGroup;
			children = (
				5B1384212A8654EF00AC892C /* DeviceActivityMonitorExtension.swift */,
				5B1384232A8654EF00AC892C /* Info.plist */,
				5B1384242A8654EF00AC892C /* AppshieldMonitor.entitlements */,
			);
			path = AppshieldMonitor;
			sourceTree = "<group>";
		};
		5B174C252A035CCA00204C75 /* Setting */ = {
			isa = PBXGroup;
			children = (
				5BE9EEDB29FFFBA500233C49 /* SettingView.swift */,
				5BAC85EE2A00F1D500A34056 /* ColorThemeSetting.swift */,
			);
			path = Setting;
			sourceTree = "<group>";
		};
		5B1C711D2A1200AE00A5D3EB /* Target */ = {
			isa = PBXGroup;
			children = (
				5B1C711B2A1200A800A5D3EB /* TargetManager.swift */,
				5BE45A7F2A3859F200F42F4F /* TargetDetailManager.swift */,
			);
			path = Target;
			sourceTree = "<group>";
		};
		5B1C71242A120A9200A5D3EB /* Target */ = {
			isa = PBXGroup;
			children = (
				5B38FC092A0F87BC003F9B5C /* TargetList.swift */,
				5B1C71222A120A7100A5D3EB /* TargetListCell.swift */,
				5BBD3EEC2A7758C400731E20 /* AchievementHexagon.swift */,
				5B1C71202A120A2A00A5D3EB /* SetTargetForm.swift */,
				5B6DF5F22A371B4600CCA57F /* TargetDetailView.swift */,
			);
			path = Target;
			sourceTree = "<group>";
		};
		5B1E75742AA20AB5005D803B /* CGFloat */ = {
			isa = PBXGroup;
			children = (
				5B54FE422A2B5917000D29ED /* CGFloat+Utils.swift */,
				5B1E75722AA20AA3005D803B /* CGFloat+Spacing.swift */,
			);
			path = CGFloat;
			sourceTree = "<group>";
		};
		5B1E75772AA2226A005D803B /* SetToDo */ = {
			isa = PBXGroup;
			children = (
				5B63A59229C95AD500AA4525 /* SetToDoForm.swift */,
				5B1E75782AA22281005D803B /* ToDoTitleFormCell.swift */,
				5B1E75752AA22054005D803B /* StartingTimeFormCell.swift */,
				5B3D07C12A721157001691F4 /* TagFormCell.swift */,
				5B11CCE82AA5F70E008E1DE5 /* TargetFormCell.swift */,
			);
			path = SetToDo;
			sourceTree = "<group>";
		};
		5B1E757C2AA23BF7005D803B /* ViewModifier */ = {
			isa = PBXGroup;
			children = (
				5B1E757A2AA23BE8005D803B /* TextFieldLimitModifier.swift */,
				5B2C772D2AA7571400EEFBC3 /* HAlignmentModifier.swift */,
				5B2C772F2AA7641800EEFBC3 /* RequiredMark.swift */,
			);
			path = ViewModifier;
			sourceTree = "<group>";
		};
		5B2767C329F8F2E6008398A3 /* Timer */ = {
			isa = PBXGroup;
			children = (
				5B76D0F329C74FE0008883A8 /* TimerManager.swift */,
				5BD70DA32A8F641A00B2F03F /* TimerSettingManager.swift */,
				5B1E4CF62A69794800D364A7 /* TimePresetRepository.swift */,
			);
			path = Timer;
			sourceTree = "<group>";
		};
		5B2FEABD29D9CC0B0022F827 /* ToDo */ = {
			isa = PBXGroup;
			children = (
				5BB4FEC729C83124009CCD43 /* ToDoManager.swift */,
			);
			path = ToDo;
			sourceTree = "<group>";
		};
		5B38FBFD2A0CDC58003F9B5C /* Auth */ = {
			isa = PBXGroup;
			children = (
				5B95E13D29D805AC00E8CBA1 /* SignUpView.swift */,
				5B38FBFE2A0CDC72003F9B5C /* SetNickNameView.swift */,
			);
			path = Auth;
			sourceTree = "<group>";
		};
		5B3CCAAE2A70E47800973F43 /* Repository */ = {
			isa = PBXGroup;
			children = (
				5BBD3EF02A77DB6200731E20 /* Cycle */,
				5B3D07C32A7218F6001691F4 /* Tag */,
				5B3CCABB2A71518700973F43 /* ToDo */,
				5B3CCAAF2A70E48A00973F43 /* Target */,
			);
			path = Repository;
			sourceTree = "<group>";
		};
		5B3CCAAF2A70E48A00973F43 /* Target */ = {
			isa = PBXGroup;
			children = (
				5B3CCAAC2A70E46100973F43 /* TargetRepository.swift */,
				5B3CCAB92A710AF100973F43 /* TargetRepository+Injection.swift */,
			);
			path = Target;
			sourceTree = "<group>";
		};
		5B3CCAB02A70EDEB00973F43 /* Constraints */ = {
			isa = PBXGroup;
			children = (
				5B0EBE6E2A603A2D0011B024 /* TimerSettingContraint.swift */,
			);
			path = Constraints;
			sourceTree = "<group>";
		};
		5B3CCAB12A70EE0100973F43 /* Firebase */ = {
			isa = PBXGroup;
			children = (
				5B3CCAB22A70EE1500973F43 /* Firebase+Injection.swift */,
			);
			path = Firebase;
			sourceTree = "<group>";
		};
		5B3CCAB42A70EF1500973F43 /* Auth */ = {
			isa = PBXGroup;
			children = (
				5B95E13829D7FC9000E8CBA1 /* AuthManager.swift */,
				5B3CCAB52A70EFED00973F43 /* AuthService.swift */,
				5B3CCAB72A70F3CC00973F43 /* AuthService+Injection.swift */,
			);
			path = Auth;
			sourceTree = "<group>";
		};
		5B3CCABB2A71518700973F43 /* ToDo */ = {
			isa = PBXGroup;
			children = (
				5B3CCABC2A71519800973F43 /* ToDoRepository.swift */,
				5BBD3EEE2A77758600731E20 /* ToDoOfTargetRepository.swift */,
				5B3CCABE2A7166AF00973F43 /* ToDoRepository+Injection.swift */,
			);
			path = ToDo;
			sourceTree = "<group>";
		};
		5B3D07C32A7218F6001691F4 /* Tag */ = {
			isa = PBXGroup;
			children = (
				5B3D07C42A721908001691F4 /* TagRepository.swift */,
				5B3D07C62A72390B001691F4 /* TagRepository+Injection.swift */,
			);
			path = Tag;
			sourceTree = "<group>";
		};
		5B3D07C82A723949001691F4 /* Tag */ = {
			isa = PBXGroup;
			children = (
				5B2FEAC029DD4EF30022F827 /* TagStore.swift */,
				5B3D07C92A723957001691F4 /* TagManager.swift */,
			);
			path = Tag;
			sourceTree = "<group>";
		};
		5B63175B29E7F28400FF6876 /* Shape */ = {
			isa = PBXGroup;
			children = (
				5B76D0F529C76A2B008883A8 /* CircularSector.swift */,
				5B6AB24C2A30959C008D09B6 /* AppLogoView.swift */,
				5B6585A529EEAE6200F9E758 /* CubeHexagon.swift */,
				5B174C262A03720600204C75 /* RoundedHexagon.swift */,
				5B63175929E7F27700FF6876 /* RoundedCorners.swift */,
			);
			path = Shape;
			sourceTree = "<group>";
		};
		5B6AB24E2A30AAB0008D09B6 /* Main */ = {
			isa = PBXGroup;
			children = (
				5B4214F42A2D57D1004362E5 /* MainRouterView.swift */,
				5B4214F62A2D5F5F004362E5 /* MainConsole.swift */,
				5B6AB24F2A30AB0A008D09B6 /* MainSettingBanner.swift */,
			);
			path = Main;
			sourceTree = "<group>";
		};
		5B6AB2512A316698008D09B6 /* Components */ = {
			isa = PBXGroup;
			children = (
				5BB4FECB29C83964009CCD43 /* HAlignment.swift */,
				5B63A59029C8931300AA4525 /* SheetPresenter.swift */,
				5B1C71252A121C3C00A5D3EB /* RangeDatePicker.swift */,
				5B6AB2522A3166B5008D09B6 /* Target */,
				5B6AB2572A316B28008D09B6 /* Form */,
			);
			path = Components;
			sourceTree = "<group>";
		};
		5B6AB2522A3166B5008D09B6 /* Target */ = {
			isa = PBXGroup;
			children = (
				5B6AB24A2A306281008D09B6 /* TargetTermGauge.swift */,
			);
			path = Target;
			sourceTree = "<group>";
		};
		5B6AB2572A316B28008D09B6 /* Form */ = {
			isa = PBXGroup;
			children = (
				5B6AB2532A316752008D09B6 /* TextFieldFormContainer.swift */,
				5B6AB2552A316A75008D09B6 /* FormContainer.swift */,
			);
			path = Form;
			sourceTree = "<group>";
		};
		5B6DF5F12A36D37C00CCA57F /* Utils */ = {
			isa = PBXGroup;
			children = (
				5B95E0E32A5BB71F007FA721 /* Array+Utils.swift */,
				5B6DF5EF2A36C5F600CCA57F /* DateFormatter+Utils.swift */,
				5B1E75742AA20AB5005D803B /* CGFloat */,
				5BBD3EF52A77FEA800731E20 /* String+Utils.swift */,
				5B5AF96D2A90AE7B00CFC2A0 /* TimeInterval+Utils.swift */,
			);
			path = Utils;
			sourceTree = "<group>";
		};
		5B76D0F729C7755A008883A8 /* ViewModels */ = {
			isa = PBXGroup;
			children = (
				5BF9CDD62A84D335002105B0 /* AppBlockManager.swift */,
				5B3D07C82A723949001691F4 /* Tag */,
				5BF61E912A0296B1007592D6 /* ThemeManager.swift */,
				5B38FC012A0E1695003F9B5C /* LaunchScreenManager.swift */,
				5B841E9E29FBC4D600F1675E /* LocationManager.swift */,
				5B2767C429F8F30D008398A3 /* CalendarManager.swift */,
				5B174C282A050F3B00204C75 /* HapticManager.swift */,
				5B3CCAB42A70EF1500973F43 /* Auth */,
				5B1C711D2A1200AE00A5D3EB /* Target */,
				5B841EA029FBC73500F1675E /* Cycle */,
				5B2767C329F8F2E6008398A3 /* Timer */,
				5B2FEABD29D9CC0B0022F827 /* ToDo */,
			);
			path = ViewModels;
			sourceTree = "<group>";
		};
		5B841EA029FBC73500F1675E /* Cycle */ = {
			isa = PBXGroup;
			children = (
				5B05A61429ECE5CF00C89417 /* CycleManager.swift */,
				5B2767CA29FA4633008398A3 /* CycleStore.swift */,
			);
			path = Cycle;
			sourceTree = "<group>";
		};
		5B95E0E72A5BE24F007FA721 /* SetTime */ = {
			isa = PBXGroup;
			children = (
				5BFFDB8429C5F298004C5376 /* SetTimeForm.swift */,
				5B95E0E82A5BF543007FA721 /* BatchTimeSettingForm.swift */,
				5B95E0EA2A5BF79F007FA721 /* IndividualTimeSettingForm.swift */,
				5B95E0EC2A5BF7B5007FA721 /* PresetTimeSettingForm.swift */,
				5B95E0EE2A5C54B0007FA721 /* SetTimeSlider.swift */,
				5B1E4CF42A691B8500D364A7 /* SetTimeGraph.swift */,
				5B59207C2A627A3B009DD91F /* SetTimePicker.swift */,
				5B95E0E52A5BE1B4007FA721 /* SetTimeStepper.swift */,
			);
			path = SetTime;
			sourceTree = "<group>";
		};
		5BA271FB2A6BF1C60078B6F3 /* Frameworks */ = {
			isa = PBXGroup;
			children = (
				5BF9CDDD2A84EE44002105B0 /* ManagedSettings.framework */,
				5B1383E72A85FE9E00AC892C /* DeviceActivity.framework */,
				5B1383FC2A861C7300AC892C /* ManagedSettingsUI.framework */,
			);
			name = Frameworks;
			sourceTree = "<group>";
		};
		5BA9A43A2A09307700453D65 /* Cycle */ = {
			isa = PBXGroup;
			children = (
				5B2767CC29FA8C1B008398A3 /* CycleListCell.swift */,
				5BA9A4382A092E6A00453D65 /* CycleListCellDetail.swift */,
				5B05A61729ECFD5A00C89417 /* CycleMemoir.swift */,
				5BA9A43B2A09310A00453D65 /* CycleToDoList.swift */,
			);
			path = Cycle;
			sourceTree = "<group>";
		};
		5BB4FECD29C892B0009CCD43 /* Models */ = {
			isa = PBXGroup;
			children = (
				5BB4FEC929C832D9009CCD43 /* ToDo.swift */,
				5B95E13F29D80B7D00E8CBA1 /* Member.swift */,
				5B2FEABE29DA645E0022F827 /* Cycle.swift */,
				5B38FC072A0F8268003F9B5C /* Target.swift */,
				5BD5131C29D58D060008E1C9 /* Tag.swift */,
				5B1E4CF82A697BB000D364A7 /* TimeSetting.swift */,
				5B1E4CFA2A697BB800D364A7 /* Session.swift */,
			);
			path = Models;
			sourceTree = "<group>";
		};
		5BBD3EF02A77DB6200731E20 /* Cycle */ = {
			isa = PBXGroup;
			children = (
				5BBD3EF12A77DB6D00731E20 /* CycleRepository.swift */,
				5BBD3EF32A77E55B00731E20 /* CycleRepository+Injection.swift */,
			);
			path = Cycle;
			sourceTree = "<group>";
		};
		5BC3E06429C9EA4100863AD2 /* GongdeunTopTests */ = {
			isa = PBXGroup;
			children = (
				5BC3E06529C9EA4100863AD2 /* GongdeunTopTests.swift */,
				5BA271F82A6BDB210078B6F3 /* TimerTest.swift */,
			);
			path = GongdeunTopTests;
			sourceTree = "<group>";
		};
		5BCF54F729C2CB2500A19759 = {
			isa = PBXGroup;
			children = (
				5BCF550229C2CB2500A19759 /* GongdeunTop */,
				5BC3E06429C9EA4100863AD2 /* GongdeunTopTests */,
				5B1383FE2A861C7300AC892C /* ShieldConfiguration */,
				5B1384202A8654EF00AC892C /* AppshieldMonitor */,
				5BCF550129C2CB2500A19759 /* Products */,
				5BA271FB2A6BF1C60078B6F3 /* Frameworks */,
			);
			sourceTree = "<group>";
		};
		5BCF550129C2CB2500A19759 /* Products */ = {
			isa = PBXGroup;
			children = (
				5BCF550029C2CB2500A19759 /* GongdeunTop.app */,
				5BC3E06329C9EA4100863AD2 /* GongdeunTopTests.xctest */,
				5B1383FA2A861C7300AC892C /* ShieldConfiguration.appex */,
				5B13841E2A8654EF00AC892C /* AppshieldMonitor.appex */,
			);
			name = Products;
			sourceTree = "<group>";
		};
		5BCF550229C2CB2500A19759 /* GongdeunTop */ = {
			isa = PBXGroup;
			children = (
				5B95E13C29D804F000E8CBA1 /* GongdeunTop.entitlements */,
				5BD70D9E2A8F523000B2F03F /* GoogleService-Info.plist */,
				5B38FC002A0E1045003F9B5C /* Info.plist */,
				5BCF550329C2CB2500A19759 /* GongdeunTopApp.swift */,
				5BB4FECD29C892B0009CCD43 /* Models */,
				5BCF551729C3066A00A19759 /* Views */,
				5B76D0F729C7755A008883A8 /* ViewModels */,
				5B3CCAAE2A70E47800973F43 /* Repository */,
				5BF61E902A02967D007592D6 /* Etc */,
				5BCF550729C2CB2700A19759 /* Assets.xcassets */,
				5BCF550929C2CB2700A19759 /* Preview Content */,
				5B05A60C29EA724E00C89417 /* Localizable.strings */,
				5B05A61229EAAFD700C89417 /* Localizable.stringsdict */,
			);
			path = GongdeunTop;
			sourceTree = "<group>";
		};
		5BCF550929C2CB2700A19759 /* Preview Content */ = {
			isa = PBXGroup;
			children = (
				5BCF550A29C2CB2700A19759 /* Preview Assets.xcassets */,
				5BD3D1D829D1C45A008E8988 /* ToDo+PlaceHolder.swift */,
				5B1C711E2A12012C00A5D3EB /* Target+PlaceHolder.swift */,
				5BDE83412A9600F0006185E8 /* Cycle+Preview.swift */,
			);
			path = "Preview Content";
			sourceTree = "<group>";
		};
		5BCF551729C3066A00A19759 /* Views */ = {
			isa = PBXGroup;
			children = (
				5BCF550529C2CB2500A19759 /* ContentView.swift */,
				5B1E757C2AA23BF7005D803B /* ViewModifier */,
				5B6AB2512A316698008D09B6 /* Components */,
				5BF9CDD42A84A394002105B0 /* ExperimentView.swift */,
				5B38FC052A0E176F003F9B5C /* LauchScreen.swift */,
				5B6AB24E2A30AAB0008D09B6 /* Main */,
				5B1C71242A120A9200A5D3EB /* Target */,
				5B38FBFD2A0CDC58003F9B5C /* Auth */,
				5BA9A43A2A09307700453D65 /* Cycle */,
				5B174C252A035CCA00204C75 /* Setting */,
				5BD5131729D5743E0008E1C9 /* ToDo */,
				5B05A61629ECFD3E00C89417 /* Timer */,
				5BCF551929C3067C00A19759 /* Calendar */,
			);
			path = Views;
			sourceTree = "<group>";
		};
		5BCF551929C3067C00A19759 /* Calendar */ = {
			isa = PBXGroup;
			children = (
				5BCF551529C3065E00A19759 /* CalendarView.swift */,
				5BDE833F2A95FE88006185E8 /* DayDetailView.swift */,
				5B2767C629F90355008398A3 /* SetMonthView.swift */,
				5B2767C829FA2229008398A3 /* DateCell.swift */,
			);
			path = Calendar;
			sourceTree = "<group>";
		};
		5BD5131729D5743E0008E1C9 /* ToDo */ = {
			isa = PBXGroup;
			children = (
				5BCF551A29C30D1600A19759 /* ToDoList.swift */,
				5BD3D1D629D1C3BB008E8988 /* ToDoListRow.swift */,
				5B1E75772AA2226A005D803B /* SetToDo */,
			);
			path = ToDo;
			sourceTree = "<group>";
		};
		5BF61E902A02967D007592D6 /* Etc */ = {
			isa = PBXGroup;
			children = (
				5B6203842A8DFC44000AE1AB /* PopNotification.swift */,
				5BCF551129C2E50100A19759 /* Color+Custom.swift */,
				5B3CCAB12A70EE0100973F43 /* Firebase */,
				5B3CCAB02A70EDEB00973F43 /* Constraints */,
				5B6DF5F12A36D37C00CCA57F /* Utils */,
				5B63175B29E7F28400FF6876 /* Shape */,
			);
			path = Etc;
			sourceTree = "<group>";
		};
/* End PBXGroup section */

/* Begin PBXNativeTarget section */
		5B1383F92A861C7300AC892C /* ShieldConfiguration */ = {
			isa = PBXNativeTarget;
			buildConfigurationList = 5B1384062A861C7300AC892C /* Build configuration list for PBXNativeTarget "ShieldConfiguration" */;
			buildPhases = (
				5B1383F62A861C7300AC892C /* Sources */,
				5B1383F72A861C7300AC892C /* Frameworks */,
				5B1383F82A861C7300AC892C /* Resources */,
			);
			buildRules = (
			);
			dependencies = (
			);
			name = ShieldConfiguration;
			productName = ShieldConfiguration;
			productReference = 5B1383FA2A861C7300AC892C /* ShieldConfiguration.appex */;
			productType = "com.apple.product-type.app-extension";
		};
		5B13841D2A8654EF00AC892C /* AppshieldMonitor */ = {
			isa = PBXNativeTarget;
			buildConfigurationList = 5B1384282A8654EF00AC892C /* Build configuration list for PBXNativeTarget "AppshieldMonitor" */;
			buildPhases = (
				5B13841A2A8654EF00AC892C /* Sources */,
				5B13841B2A8654EF00AC892C /* Frameworks */,
				5B13841C2A8654EF00AC892C /* Resources */,
			);
			buildRules = (
			);
			dependencies = (
			);
			name = AppshieldMonitor;
			productName = AppshieldMonitor;
			productReference = 5B13841E2A8654EF00AC892C /* AppshieldMonitor.appex */;
			productType = "com.apple.product-type.app-extension";
		};
		5BC3E06229C9EA4100863AD2 /* GongdeunTopTests */ = {
			isa = PBXNativeTarget;
			buildConfigurationList = 5BC3E06929C9EA4100863AD2 /* Build configuration list for PBXNativeTarget "GongdeunTopTests" */;
			buildPhases = (
				5BC3E05F29C9EA4100863AD2 /* Sources */,
				5BC3E06029C9EA4100863AD2 /* Frameworks */,
				5BC3E06129C9EA4100863AD2 /* Resources */,
			);
			buildRules = (
			);
			dependencies = (
				5BC3E06829C9EA4100863AD2 /* PBXTargetDependency */,
			);
			name = GongdeunTopTests;
			packageProductDependencies = (
				5BA271FC2A6BF1C60078B6F3 /* FirebaseAuth */,
				5BA271FE2A6BF1C60078B6F3 /* FirebaseFirestore */,
				5BA272002A6BF1C60078B6F3 /* FirebaseFirestoreSwift */,
			);
			productName = GongdeunTopTests;
			productReference = 5BC3E06329C9EA4100863AD2 /* GongdeunTopTests.xctest */;
			productType = "com.apple.product-type.bundle.unit-test";
		};
		5BCF54FF29C2CB2500A19759 /* GongdeunTop */ = {
			isa = PBXNativeTarget;
			buildConfigurationList = 5BCF550E29C2CB2700A19759 /* Build configuration list for PBXNativeTarget "GongdeunTop" */;
			buildPhases = (
				5BCF54FC29C2CB2500A19759 /* Sources */,
				5BCF54FD29C2CB2500A19759 /* Frameworks */,
				5BCF54FE29C2CB2500A19759 /* Resources */,
				5BF9CDEA2A84EE44002105B0 /* Embed Foundation Extensions */,
			);
			buildRules = (
			);
			dependencies = (
				5B1384042A861C7300AC892C /* PBXTargetDependency */,
				5B1384262A8654EF00AC892C /* PBXTargetDependency */,
			);
			name = GongdeunTop;
			packageProductDependencies = (
				5B350D3A2A56BCE6000B8EF1 /* FirebaseAnalytics */,
				5B350D3C2A56BCE6000B8EF1 /* FirebaseAuth */,
				5B350D3E2A56BCE6000B8EF1 /* FirebaseFirestore */,
				5B350D402A56BCE6000B8EF1 /* FirebaseFirestoreSwift */,
				5B3CCAAA2A70E32800973F43 /* Factory */,
			);
			productName = GongdeunTop;
			productReference = 5BCF550029C2CB2500A19759 /* GongdeunTop.app */;
			productType = "com.apple.product-type.application";
		};
/* End PBXNativeTarget section */

/* Begin PBXProject section */
		5BCF54F829C2CB2500A19759 /* Project object */ = {
			isa = PBXProject;
			attributes = {
				BuildIndependentTargetsInParallel = 1;
				LastSwiftUpdateCheck = 1430;
				LastUpgradeCheck = 1430;
				TargetAttributes = {
					5B1383F92A861C7300AC892C = {
						CreatedOnToolsVersion = 14.3;
					};
					5B13841D2A8654EF00AC892C = {
						CreatedOnToolsVersion = 14.3;
					};
					5BC3E06229C9EA4100863AD2 = {
						CreatedOnToolsVersion = 14.2;
						TestTargetID = 5BCF54FF29C2CB2500A19759;
					};
					5BCF54FF29C2CB2500A19759 = {
						CreatedOnToolsVersion = 14.2;
					};
				};
			};
			buildConfigurationList = 5BCF54FB29C2CB2500A19759 /* Build configuration list for PBXProject "GongdeunTop" */;
			compatibilityVersion = "Xcode 14.0";
			developmentRegion = en;
			hasScannedForEncodings = 0;
			knownRegions = (
				en,
				Base,
				ko,
			);
			mainGroup = 5BCF54F729C2CB2500A19759;
			packageReferences = (
				5B350D392A56BCE6000B8EF1 /* XCRemoteSwiftPackageReference "firebase-ios-sdk" */,
				5B3CCAA92A70E32800973F43 /* XCRemoteSwiftPackageReference "Factory" */,
			);
			productRefGroup = 5BCF550129C2CB2500A19759 /* Products */;
			projectDirPath = "";
			projectRoot = "";
			targets = (
				5BCF54FF29C2CB2500A19759 /* GongdeunTop */,
				5BC3E06229C9EA4100863AD2 /* GongdeunTopTests */,
				5B1383F92A861C7300AC892C /* ShieldConfiguration */,
				5B13841D2A8654EF00AC892C /* AppshieldMonitor */,
			);
		};
/* End PBXProject section */

/* Begin PBXResourcesBuildPhase section */
		5B1383F82A861C7300AC892C /* Resources */ = {
			isa = PBXResourcesBuildPhase;
			buildActionMask = 2147483647;
			files = (
			);
			runOnlyForDeploymentPostprocessing = 0;
		};
		5B13841C2A8654EF00AC892C /* Resources */ = {
			isa = PBXResourcesBuildPhase;
			buildActionMask = 2147483647;
			files = (
			);
			runOnlyForDeploymentPostprocessing = 0;
		};
		5BC3E06129C9EA4100863AD2 /* Resources */ = {
			isa = PBXResourcesBuildPhase;
			buildActionMask = 2147483647;
			files = (
			);
			runOnlyForDeploymentPostprocessing = 0;
		};
		5BCF54FE29C2CB2500A19759 /* Resources */ = {
			isa = PBXResourcesBuildPhase;
			buildActionMask = 2147483647;
			files = (
				5BCF550B29C2CB2700A19759 /* Preview Assets.xcassets in Resources */,
				5B05A60A29EA724E00C89417 /* Localizable.strings in Resources */,
				5BD70D9F2A8F523000B2F03F /* GoogleService-Info.plist in Resources */,
				5BCF550829C2CB2700A19759 /* Assets.xcassets in Resources */,
				5B05A61029EAAFD700C89417 /* Localizable.stringsdict in Resources */,
			);
			runOnlyForDeploymentPostprocessing = 0;
		};
/* End PBXResourcesBuildPhase section */

/* Begin PBXSourcesBuildPhase section */
		5B1383F62A861C7300AC892C /* Sources */ = {
			isa = PBXSourcesBuildPhase;
			buildActionMask = 2147483647;
			files = (
				5B1384002A861C7300AC892C /* ShieldConfigurationExtension.swift in Sources */,
			);
			runOnlyForDeploymentPostprocessing = 0;
		};
		5B13841A2A8654EF00AC892C /* Sources */ = {
			isa = PBXSourcesBuildPhase;
			buildActionMask = 2147483647;
			files = (
				5B1384222A8654EF00AC892C /* DeviceActivityMonitorExtension.swift in Sources */,
				5B50E4FA2A8DB2FD00FFD3DA /* AppBlockManager.swift in Sources */,
			);
			runOnlyForDeploymentPostprocessing = 0;
		};
		5BC3E05F29C9EA4100863AD2 /* Sources */ = {
			isa = PBXSourcesBuildPhase;
			buildActionMask = 2147483647;
			files = (
				5BA271F92A6BDB210078B6F3 /* TimerTest.swift in Sources */,
				5BC3E06629C9EA4100863AD2 /* GongdeunTopTests.swift in Sources */,
			);
			runOnlyForDeploymentPostprocessing = 0;
		};
		5BCF54FC29C2CB2500A19759 /* Sources */ = {
			isa = PBXSourcesBuildPhase;
			buildActionMask = 2147483647;
			files = (
				5B63A59129C8931300AA4525 /* SheetPresenter.swift in Sources */,
				5BDE83422A9600F0006185E8 /* Cycle+Preview.swift in Sources */,
				5B95E0E62A5BE1B4007FA721 /* SetTimeStepper.swift in Sources */,
				5B4214F52A2D57D1004362E5 /* MainRouterView.swift in Sources */,
				5B5AF96E2A90AE7B00CFC2A0 /* TimeInterval+Utils.swift in Sources */,
				5B05A61829ECFD5A00C89417 /* CycleMemoir.swift in Sources */,
				5BF9CDD72A84D335002105B0 /* AppBlockManager.swift in Sources */,
				5BB4FECA29C832D9009CCD43 /* ToDo.swift in Sources */,
				5B3CCAB32A70EE1500973F43 /* Firebase+Injection.swift in Sources */,
				5BBD3EF22A77DB6D00731E20 /* CycleRepository.swift in Sources */,
				5BD70DA42A8F641A00B2F03F /* TimerSettingManager.swift in Sources */,
				5B174C292A050F3B00204C75 /* HapticManager.swift in Sources */,
				5B1C711F2A12012C00A5D3EB /* Target+PlaceHolder.swift in Sources */,
				5B6DF5F32A371B4600CCA57F /* TargetDetailView.swift in Sources */,
				5BCF551D29C30DA800A19759 /* SessionsTimer.swift in Sources */,
				5B2767CB29FA4633008398A3 /* CycleStore.swift in Sources */,
				5BBD3EF62A77FEA800731E20 /* String+Utils.swift in Sources */,
				5BD5131D29D58D060008E1C9 /* Tag.swift in Sources */,
				5B6AB24B2A306281008D09B6 /* TargetTermGauge.swift in Sources */,
				5B05A61529ECE5CF00C89417 /* CycleManager.swift in Sources */,
				5B76D0F429C74FE0008883A8 /* TimerManager.swift in Sources */,
				5B3CCABA2A710AF100973F43 /* TargetRepository+Injection.swift in Sources */,
				5BBD3EEF2A77758600731E20 /* ToDoOfTargetRepository.swift in Sources */,
				5B2FEABF29DA645E0022F827 /* Cycle.swift in Sources */,
				5B95E0EF2A5C54B0007FA721 /* SetTimeSlider.swift in Sources */,
				5B95E13E29D805AC00E8CBA1 /* SignUpView.swift in Sources */,
				5B1E4CF72A69794800D364A7 /* TimePresetRepository.swift in Sources */,
				5B3D07C52A721908001691F4 /* TagRepository.swift in Sources */,
				5B1E4CF52A691B8500D364A7 /* SetTimeGraph.swift in Sources */,
				5B6203852A8DFC44000AE1AB /* PopNotification.swift in Sources */,
				5BAC85EF2A00F1D500A34056 /* ColorThemeSetting.swift in Sources */,
				5B3CCAB62A70EFED00973F43 /* AuthService.swift in Sources */,
				5BF9CDD52A84A394002105B0 /* ExperimentView.swift in Sources */,
				5BCF551229C2E50100A19759 /* Color+Custom.swift in Sources */,
				5B1C71232A120A7100A5D3EB /* TargetListCell.swift in Sources */,
				5B95E14029D80B7D00E8CBA1 /* Member.swift in Sources */,
				5B1C711C2A1200A800A5D3EB /* TargetManager.swift in Sources */,
				5B38FC022A0E1695003F9B5C /* LaunchScreenManager.swift in Sources */,
				5B1E75792AA22281005D803B /* ToDoTitleFormCell.swift in Sources */,
				5B2FEAC129DD4EF30022F827 /* TagStore.swift in Sources */,
				5B59207D2A627A3B009DD91F /* SetTimePicker.swift in Sources */,
				5B63175A29E7F27700FF6876 /* RoundedCorners.swift in Sources */,
				5B3CCABD2A71519800973F43 /* ToDoRepository.swift in Sources */,
				5BA9A4392A092E6A00453D65 /* CycleListCellDetail.swift in Sources */,
				5BDE83402A95FE88006185E8 /* DayDetailView.swift in Sources */,
				5B1E757B2AA23BE8005D803B /* TextFieldLimitModifier.swift in Sources */,
				5BFFDB8529C5F299004C5376 /* SetTimeForm.swift in Sources */,
				5BCF550629C2CB2500A19759 /* ContentView.swift in Sources */,
				5B11CCE92AA5F70E008E1DE5 /* TargetFormCell.swift in Sources */,
				5BF61E922A0296B1007592D6 /* ThemeManager.swift in Sources */,
				5B2767C929FA2229008398A3 /* DateCell.swift in Sources */,
				5B54FE432A2B5917000D29ED /* CGFloat+Utils.swift in Sources */,
				5B0EBE6F2A603A2D0011B024 /* TimerSettingContraint.swift in Sources */,
				5B3CCAAD2A70E46100973F43 /* TargetRepository.swift in Sources */,
				5B95E0EB2A5BF79F007FA721 /* IndividualTimeSettingForm.swift in Sources */,
				5B1E4CF92A697BB000D364A7 /* TimeSetting.swift in Sources */,
				5B95E0E42A5BB71F007FA721 /* Array+Utils.swift in Sources */,
				5B95E0ED2A5BF7B5007FA721 /* PresetTimeSettingForm.swift in Sources */,
				5B6585A629EEAE6200F9E758 /* CubeHexagon.swift in Sources */,
				5BE9EEDC29FFFBA500233C49 /* SettingView.swift in Sources */,
				5B6AB2502A30AB0A008D09B6 /* MainSettingBanner.swift in Sources */,
				5B2767CD29FA8C1B008398A3 /* CycleListCell.swift in Sources */,
				5BCF551629C3065E00A19759 /* CalendarView.swift in Sources */,
				5BCF551B29C30D1600A19759 /* ToDoList.swift in Sources */,
				5B2C77302AA7641800EEFBC3 /* RequiredMark.swift in Sources */,
				5BB4FEC829C83124009CCD43 /* ToDoManager.swift in Sources */,
				5B3CCABF2A7166AF00973F43 /* ToDoRepository+Injection.swift in Sources */,
				5B1E75732AA20AA3005D803B /* CGFloat+Spacing.swift in Sources */,
				5B3D07C72A72390B001691F4 /* TagRepository+Injection.swift in Sources */,
				5B38FC082A0F8268003F9B5C /* Target.swift in Sources */,
				5B38FC062A0E176F003F9B5C /* LauchScreen.swift in Sources */,
				5B1E75762AA22054005D803B /* StartingTimeFormCell.swift in Sources */,
				5B8B119529D07EE6009BB0E6 /* FirstCountdown.swift in Sources */,
				5B3D07C22A721157001691F4 /* TagFormCell.swift in Sources */,
				5B6AB24D2A30959C008D09B6 /* AppLogoView.swift in Sources */,
				5BBD3EF42A77E55B00731E20 /* CycleRepository+Injection.swift in Sources */,
				5B1C71262A121C3C00A5D3EB /* RangeDatePicker.swift in Sources */,
				5B76D0F629C76A2B008883A8 /* CircularSector.swift in Sources */,
				5BBD3EED2A7758C400731E20 /* AchievementHexagon.swift in Sources */,
				5B6AB2542A316752008D09B6 /* TextFieldFormContainer.swift in Sources */,
				5B4214F72A2D5F5F004362E5 /* MainConsole.swift in Sources */,
				5BD3D1D929D1C45A008E8988 /* ToDo+PlaceHolder.swift in Sources */,
				5B6DF5F02A36C5F600CCA57F /* DateFormatter+Utils.swift in Sources */,
				5B174C272A03720600204C75 /* RoundedHexagon.swift in Sources */,
				5B95E0E92A5BF543007FA721 /* BatchTimeSettingForm.swift in Sources */,
				5B2767C729F90355008398A3 /* SetMonthView.swift in Sources */,
				5BD3D1D729D1C3BB008E8988 /* ToDoListRow.swift in Sources */,
				5B2767C529F8F30D008398A3 /* CalendarManager.swift in Sources */,
				5B63A59329C95AD500AA4525 /* SetToDoForm.swift in Sources */,
				5BE45A802A3859F200F42F4F /* TargetDetailManager.swift in Sources */,
				5BC275352A6FE7F90028F5F8 /* TimerHexagon.swift in Sources */,
				5B38FC0A2A0F87BC003F9B5C /* TargetList.swift in Sources */,
				5B95E13929D7FC9000E8CBA1 /* AuthManager.swift in Sources */,
				5B38FBFF2A0CDC72003F9B5C /* SetNickNameView.swift in Sources */,
				5B1E4CFB2A697BB800D364A7 /* Session.swift in Sources */,
				5BD5131929D574900008E1C9 /* SessionIndicator.swift in Sources */,
				5B3D07CA2A723957001691F4 /* TagManager.swift in Sources */,
				5B3CCAB82A70F3CC00973F43 /* AuthService+Injection.swift in Sources */,
				5B2C772E2AA7571400EEFBC3 /* HAlignmentModifier.swift in Sources */,
				5B6AB2562A316A75008D09B6 /* FormContainer.swift in Sources */,
				5B1C71212A120A2A00A5D3EB /* SetTargetForm.swift in Sources */,
				5BA9A43C2A09310A00453D65 /* CycleToDoList.swift in Sources */,
				5BCF550429C2CB2500A19759 /* GongdeunTopApp.swift in Sources */,
				5B841E9F29FBC4D600F1675E /* LocationManager.swift in Sources */,
				5BB4FECC29C83964009CCD43 /* HAlignment.swift in Sources */,
			);
			runOnlyForDeploymentPostprocessing = 0;
		};
/* End PBXSourcesBuildPhase section */

/* Begin PBXTargetDependency section */
		5B1384042A861C7300AC892C /* PBXTargetDependency */ = {
			isa = PBXTargetDependency;
			target = 5B1383F92A861C7300AC892C /* ShieldConfiguration */;
			targetProxy = 5B1384032A861C7300AC892C /* PBXContainerItemProxy */;
		};
		5B1384262A8654EF00AC892C /* PBXTargetDependency */ = {
			isa = PBXTargetDependency;
			target = 5B13841D2A8654EF00AC892C /* AppshieldMonitor */;
			targetProxy = 5B1384252A8654EF00AC892C /* PBXContainerItemProxy */;
		};
		5BC3E06829C9EA4100863AD2 /* PBXTargetDependency */ = {
			isa = PBXTargetDependency;
			target = 5BCF54FF29C2CB2500A19759 /* GongdeunTop */;
			targetProxy = 5BC3E06729C9EA4100863AD2 /* PBXContainerItemProxy */;
		};
/* End PBXTargetDependency section */

/* Begin PBXVariantGroup section */
		5B05A60C29EA724E00C89417 /* Localizable.strings */ = {
			isa = PBXVariantGroup;
			children = (
				5B05A60B29EA724E00C89417 /* en */,
				5B05A60D29EA727200C89417 /* ko */,
			);
			name = Localizable.strings;
			sourceTree = "<group>";
		};
		5B05A61229EAAFD700C89417 /* Localizable.stringsdict */ = {
			isa = PBXVariantGroup;
			children = (
				5B05A61129EAAFD700C89417 /* en */,
				5B05A61329EC0A4000C89417 /* ko */,
			);
			name = Localizable.stringsdict;
			sourceTree = "<group>";
		};
/* End PBXVariantGroup section */

/* Begin XCBuildConfiguration section */
		5B1384072A861C7300AC892C /* Debug */ = {
			isa = XCBuildConfiguration;
			buildSettings = {
				CODE_SIGN_ENTITLEMENTS = ShieldConfiguration/ShieldConfiguration.entitlements;
				CODE_SIGN_STYLE = Automatic;
				CURRENT_PROJECT_VERSION = 1;
				DEVELOPMENT_TEAM = SUDPP9C593;
				GENERATE_INFOPLIST_FILE = YES;
				INFOPLIST_FILE = ShieldConfiguration/Info.plist;
				INFOPLIST_KEY_CFBundleDisplayName = ShieldConfiguration;
				INFOPLIST_KEY_NSHumanReadableCopyright = "";
				IPHONEOS_DEPLOYMENT_TARGET = 16.4;
				LD_RUNPATH_SEARCH_PATHS = (
					"$(inherited)",
					"@executable_path/Frameworks",
					"@executable_path/../../Frameworks",
				);
				MARKETING_VERSION = 0.9.3;
				PRODUCT_BUNDLE_IDENTIFIER = com.martin.GongdeunTop.ShieldConfiguration;
				PRODUCT_NAME = "$(TARGET_NAME)";
				SKIP_INSTALL = YES;
				SWIFT_EMIT_LOC_STRINGS = YES;
				SWIFT_VERSION = 5.0;
				TARGETED_DEVICE_FAMILY = "1,2";
			};
			name = Debug;
		};
		5B1384082A861C7300AC892C /* Release */ = {
			isa = XCBuildConfiguration;
			buildSettings = {
				CODE_SIGN_ENTITLEMENTS = ShieldConfiguration/ShieldConfiguration.entitlements;
				CODE_SIGN_STYLE = Automatic;
				CURRENT_PROJECT_VERSION = 1;
				DEVELOPMENT_TEAM = SUDPP9C593;
				GENERATE_INFOPLIST_FILE = YES;
				INFOPLIST_FILE = ShieldConfiguration/Info.plist;
				INFOPLIST_KEY_CFBundleDisplayName = ShieldConfiguration;
				INFOPLIST_KEY_NSHumanReadableCopyright = "";
				IPHONEOS_DEPLOYMENT_TARGET = 16.4;
				LD_RUNPATH_SEARCH_PATHS = (
					"$(inherited)",
					"@executable_path/Frameworks",
					"@executable_path/../../Frameworks",
				);
				MARKETING_VERSION = 0.9.3;
				PRODUCT_BUNDLE_IDENTIFIER = com.martin.GongdeunTop.ShieldConfiguration;
				PRODUCT_NAME = "$(TARGET_NAME)";
				SKIP_INSTALL = YES;
				SWIFT_EMIT_LOC_STRINGS = YES;
				SWIFT_VERSION = 5.0;
				TARGETED_DEVICE_FAMILY = "1,2";
			};
			name = Release;
		};
		5B1384292A8654EF00AC892C /* Debug */ = {
			isa = XCBuildConfiguration;
			buildSettings = {
				CODE_SIGN_ENTITLEMENTS = AppshieldMonitor/AppshieldMonitor.entitlements;
				CODE_SIGN_STYLE = Automatic;
				CURRENT_PROJECT_VERSION = 1;
				DEVELOPMENT_TEAM = SUDPP9C593;
				GENERATE_INFOPLIST_FILE = YES;
				INFOPLIST_FILE = AppshieldMonitor/Info.plist;
				INFOPLIST_KEY_CFBundleDisplayName = AppshieldMonitor;
				INFOPLIST_KEY_NSHumanReadableCopyright = "";
				IPHONEOS_DEPLOYMENT_TARGET = 16.4;
				LD_RUNPATH_SEARCH_PATHS = (
					"$(inherited)",
					"@executable_path/Frameworks",
					"@executable_path/../../Frameworks",
				);
				MARKETING_VERSION = 0.9.3;
				PRODUCT_BUNDLE_IDENTIFIER = com.martin.GongdeunTop.appShield;
				PRODUCT_NAME = "$(TARGET_NAME)";
				SKIP_INSTALL = YES;
				SWIFT_EMIT_LOC_STRINGS = YES;
				SWIFT_VERSION = 5.0;
				TARGETED_DEVICE_FAMILY = "1,2";
			};
			name = Debug;
		};
		5B13842A2A8654EF00AC892C /* Release */ = {
			isa = XCBuildConfiguration;
			buildSettings = {
				CODE_SIGN_ENTITLEMENTS = AppshieldMonitor/AppshieldMonitor.entitlements;
				CODE_SIGN_STYLE = Automatic;
				CURRENT_PROJECT_VERSION = 1;
				DEVELOPMENT_TEAM = SUDPP9C593;
				GENERATE_INFOPLIST_FILE = YES;
				INFOPLIST_FILE = AppshieldMonitor/Info.plist;
				INFOPLIST_KEY_CFBundleDisplayName = AppshieldMonitor;
				INFOPLIST_KEY_NSHumanReadableCopyright = "";
				IPHONEOS_DEPLOYMENT_TARGET = 16.4;
				LD_RUNPATH_SEARCH_PATHS = (
					"$(inherited)",
					"@executable_path/Frameworks",
					"@executable_path/../../Frameworks",
				);
				MARKETING_VERSION = 0.9.3;
				PRODUCT_BUNDLE_IDENTIFIER = com.martin.GongdeunTop.appShield;
				PRODUCT_NAME = "$(TARGET_NAME)";
				SKIP_INSTALL = YES;
				SWIFT_EMIT_LOC_STRINGS = YES;
				SWIFT_VERSION = 5.0;
				TARGETED_DEVICE_FAMILY = "1,2";
			};
			name = Release;
		};
		5BC3E06A29C9EA4100863AD2 /* Debug */ = {
			isa = XCBuildConfiguration;
			buildSettings = {
				BUNDLE_LOADER = "$(TEST_HOST)";
				CODE_SIGN_STYLE = Automatic;
				CURRENT_PROJECT_VERSION = 1;
				DEAD_CODE_STRIPPING = YES;
				DEVELOPMENT_TEAM = SUDPP9C593;
				GENERATE_INFOPLIST_FILE = YES;
				IPHONEOS_DEPLOYMENT_TARGET = 16.2;
				MACOSX_DEPLOYMENT_TARGET = 13.1;
				MARKETING_VERSION = 1.0;
				PRODUCT_BUNDLE_IDENTIFIER = com.martin.GongdeunTopTests;
				PRODUCT_NAME = "$(TARGET_NAME)";
				SDKROOT = auto;
				SUPPORTED_PLATFORMS = "iphoneos iphonesimulator macosx";
				SWIFT_EMIT_LOC_STRINGS = NO;
				SWIFT_VERSION = 5.0;
				TARGETED_DEVICE_FAMILY = "1,2";
				TEST_HOST = "$(BUILT_PRODUCTS_DIR)/GongdeunTop.app/$(BUNDLE_EXECUTABLE_FOLDER_PATH)/GongdeunTop";
			};
			name = Debug;
		};
		5BC3E06B29C9EA4100863AD2 /* Release */ = {
			isa = XCBuildConfiguration;
			buildSettings = {
				BUNDLE_LOADER = "$(TEST_HOST)";
				CODE_SIGN_STYLE = Automatic;
				CURRENT_PROJECT_VERSION = 1;
				DEAD_CODE_STRIPPING = YES;
				DEVELOPMENT_TEAM = SUDPP9C593;
				GENERATE_INFOPLIST_FILE = YES;
				IPHONEOS_DEPLOYMENT_TARGET = 16.2;
				MACOSX_DEPLOYMENT_TARGET = 13.1;
				MARKETING_VERSION = 1.0;
				PRODUCT_BUNDLE_IDENTIFIER = com.martin.GongdeunTopTests;
				PRODUCT_NAME = "$(TARGET_NAME)";
				SDKROOT = auto;
				SUPPORTED_PLATFORMS = "iphoneos iphonesimulator macosx";
				SWIFT_EMIT_LOC_STRINGS = NO;
				SWIFT_VERSION = 5.0;
				TARGETED_DEVICE_FAMILY = "1,2";
				TEST_HOST = "$(BUILT_PRODUCTS_DIR)/GongdeunTop.app/$(BUNDLE_EXECUTABLE_FOLDER_PATH)/GongdeunTop";
			};
			name = Release;
		};
		5BCF550C29C2CB2700A19759 /* Debug */ = {
			isa = XCBuildConfiguration;
			buildSettings = {
				ALWAYS_SEARCH_USER_PATHS = NO;
				CLANG_ANALYZER_LOCALIZABILITY_NONLOCALIZED = YES;
				CLANG_ANALYZER_NONNULL = YES;
				CLANG_ANALYZER_NUMBER_OBJECT_CONVERSION = YES_AGGRESSIVE;
				CLANG_CXX_LANGUAGE_STANDARD = "gnu++20";
				CLANG_ENABLE_MODULES = YES;
				CLANG_ENABLE_OBJC_ARC = YES;
				CLANG_ENABLE_OBJC_WEAK = YES;
				CLANG_WARN_BLOCK_CAPTURE_AUTORELEASING = YES;
				CLANG_WARN_BOOL_CONVERSION = YES;
				CLANG_WARN_COMMA = YES;
				CLANG_WARN_CONSTANT_CONVERSION = YES;
				CLANG_WARN_DEPRECATED_OBJC_IMPLEMENTATIONS = YES;
				CLANG_WARN_DIRECT_OBJC_ISA_USAGE = YES_ERROR;
				CLANG_WARN_DOCUMENTATION_COMMENTS = YES;
				CLANG_WARN_EMPTY_BODY = YES;
				CLANG_WARN_ENUM_CONVERSION = YES;
				CLANG_WARN_INFINITE_RECURSION = YES;
				CLANG_WARN_INT_CONVERSION = YES;
				CLANG_WARN_NON_LITERAL_NULL_CONVERSION = YES;
				CLANG_WARN_OBJC_IMPLICIT_RETAIN_SELF = YES;
				CLANG_WARN_OBJC_LITERAL_CONVERSION = YES;
				CLANG_WARN_OBJC_ROOT_CLASS = YES_ERROR;
				CLANG_WARN_QUOTED_INCLUDE_IN_FRAMEWORK_HEADER = YES;
				CLANG_WARN_RANGE_LOOP_ANALYSIS = YES;
				CLANG_WARN_STRICT_PROTOTYPES = YES;
				CLANG_WARN_SUSPICIOUS_MOVE = YES;
				CLANG_WARN_UNGUARDED_AVAILABILITY = YES_AGGRESSIVE;
				CLANG_WARN_UNREACHABLE_CODE = YES;
				CLANG_WARN__DUPLICATE_METHOD_MATCH = YES;
				COPY_PHASE_STRIP = NO;
				DEBUG_INFORMATION_FORMAT = dwarf;
				ENABLE_STRICT_OBJC_MSGSEND = YES;
				ENABLE_TESTABILITY = YES;
				GCC_C_LANGUAGE_STANDARD = gnu11;
				GCC_DYNAMIC_NO_PIC = NO;
				GCC_NO_COMMON_BLOCKS = YES;
				GCC_OPTIMIZATION_LEVEL = 0;
				GCC_PREPROCESSOR_DEFINITIONS = (
					"DEBUG=1",
					"$(inherited)",
				);
				GCC_WARN_64_TO_32_BIT_CONVERSION = YES;
				GCC_WARN_ABOUT_RETURN_TYPE = YES_ERROR;
				GCC_WARN_UNDECLARED_SELECTOR = YES;
				GCC_WARN_UNINITIALIZED_AUTOS = YES_AGGRESSIVE;
				GCC_WARN_UNUSED_FUNCTION = YES;
				GCC_WARN_UNUSED_VARIABLE = YES;
				IPHONEOS_DEPLOYMENT_TARGET = 16.0;
				MTL_ENABLE_DEBUG_INFO = INCLUDE_SOURCE;
				MTL_FAST_MATH = YES;
				ONLY_ACTIVE_ARCH = YES;
				SDKROOT = iphoneos;
				SWIFT_ACTIVE_COMPILATION_CONDITIONS = DEBUG;
				SWIFT_OPTIMIZATION_LEVEL = "-Onone";
			};
			name = Debug;
		};
		5BCF550D29C2CB2700A19759 /* Release */ = {
			isa = XCBuildConfiguration;
			buildSettings = {
				ALWAYS_SEARCH_USER_PATHS = NO;
				CLANG_ANALYZER_LOCALIZABILITY_NONLOCALIZED = YES;
				CLANG_ANALYZER_NONNULL = YES;
				CLANG_ANALYZER_NUMBER_OBJECT_CONVERSION = YES_AGGRESSIVE;
				CLANG_CXX_LANGUAGE_STANDARD = "gnu++20";
				CLANG_ENABLE_MODULES = YES;
				CLANG_ENABLE_OBJC_ARC = YES;
				CLANG_ENABLE_OBJC_WEAK = YES;
				CLANG_WARN_BLOCK_CAPTURE_AUTORELEASING = YES;
				CLANG_WARN_BOOL_CONVERSION = YES;
				CLANG_WARN_COMMA = YES;
				CLANG_WARN_CONSTANT_CONVERSION = YES;
				CLANG_WARN_DEPRECATED_OBJC_IMPLEMENTATIONS = YES;
				CLANG_WARN_DIRECT_OBJC_ISA_USAGE = YES_ERROR;
				CLANG_WARN_DOCUMENTATION_COMMENTS = YES;
				CLANG_WARN_EMPTY_BODY = YES;
				CLANG_WARN_ENUM_CONVERSION = YES;
				CLANG_WARN_INFINITE_RECURSION = YES;
				CLANG_WARN_INT_CONVERSION = YES;
				CLANG_WARN_NON_LITERAL_NULL_CONVERSION = YES;
				CLANG_WARN_OBJC_IMPLICIT_RETAIN_SELF = YES;
				CLANG_WARN_OBJC_LITERAL_CONVERSION = YES;
				CLANG_WARN_OBJC_ROOT_CLASS = YES_ERROR;
				CLANG_WARN_QUOTED_INCLUDE_IN_FRAMEWORK_HEADER = YES;
				CLANG_WARN_RANGE_LOOP_ANALYSIS = YES;
				CLANG_WARN_STRICT_PROTOTYPES = YES;
				CLANG_WARN_SUSPICIOUS_MOVE = YES;
				CLANG_WARN_UNGUARDED_AVAILABILITY = YES_AGGRESSIVE;
				CLANG_WARN_UNREACHABLE_CODE = YES;
				CLANG_WARN__DUPLICATE_METHOD_MATCH = YES;
				COPY_PHASE_STRIP = NO;
				DEBUG_INFORMATION_FORMAT = "dwarf-with-dsym";
				ENABLE_NS_ASSERTIONS = NO;
				ENABLE_STRICT_OBJC_MSGSEND = YES;
				GCC_C_LANGUAGE_STANDARD = gnu11;
				GCC_NO_COMMON_BLOCKS = YES;
				GCC_WARN_64_TO_32_BIT_CONVERSION = YES;
				GCC_WARN_ABOUT_RETURN_TYPE = YES_ERROR;
				GCC_WARN_UNDECLARED_SELECTOR = YES;
				GCC_WARN_UNINITIALIZED_AUTOS = YES_AGGRESSIVE;
				GCC_WARN_UNUSED_FUNCTION = YES;
				GCC_WARN_UNUSED_VARIABLE = YES;
				IPHONEOS_DEPLOYMENT_TARGET = 16.0;
				MTL_ENABLE_DEBUG_INFO = NO;
				MTL_FAST_MATH = YES;
				SDKROOT = iphoneos;
				SWIFT_COMPILATION_MODE = wholemodule;
				SWIFT_OPTIMIZATION_LEVEL = "-O";
				VALIDATE_PRODUCT = YES;
			};
			name = Release;
		};
		5BCF550F29C2CB2700A19759 /* Debug */ = {
			isa = XCBuildConfiguration;
			buildSettings = {
				ALWAYS_EMBED_SWIFT_STANDARD_LIBRARIES = YES;
				ASSETCATALOG_COMPILER_APPICON_NAME = AppIcon;
				ASSETCATALOG_COMPILER_GLOBAL_ACCENT_COLOR_NAME = AccentColor;
				CODE_SIGN_ENTITLEMENTS = GongdeunTop/GongdeunTop.entitlements;
				CODE_SIGN_STYLE = Automatic;
				CURRENT_PROJECT_VERSION = 1;
				DEVELOPMENT_ASSET_PATHS = "\"GongdeunTop/Preview Content\"";
				DEVELOPMENT_TEAM = SUDPP9C593;
				ENABLE_PREVIEWS = YES;
				GENERATE_INFOPLIST_FILE = YES;
				INFOPLIST_FILE = GongdeunTop/Info.plist;
				INFOPLIST_KEY_CFBundleDisplayName = Monuti;
				INFOPLIST_KEY_LSApplicationCategoryType = "public.app-category.lifestyle";
				INFOPLIST_KEY_UIApplicationSceneManifest_Generation = YES;
				INFOPLIST_KEY_UIApplicationSupportsIndirectInputEvents = YES;
				INFOPLIST_KEY_UISupportedInterfaceOrientations = UIInterfaceOrientationPortrait;
				INFOPLIST_KEY_UISupportedInterfaceOrientations_iPad = "UIInterfaceOrientationLandscapeLeft UIInterfaceOrientationLandscapeRight UIInterfaceOrientationPortrait UIInterfaceOrientationPortraitUpsideDown";
				IPHONEOS_DEPLOYMENT_TARGET = 16.0;
				LD_RUNPATH_SEARCH_PATHS = (
					"$(inherited)",
					"@executable_path/Frameworks",
				);
				MARKETING_VERSION = 0.9.3;
				ONLY_ACTIVE_ARCH = YES;
				PRODUCT_BUNDLE_IDENTIFIER = com.martin.GongdeunTop;
				PRODUCT_NAME = "$(TARGET_NAME)";
				SUPPORTED_PLATFORMS = "iphoneos iphonesimulator";
				SUPPORTS_MACCATALYST = NO;
				SUPPORTS_MAC_DESIGNED_FOR_IPHONE_IPAD = NO;
				SWIFT_EMIT_LOC_STRINGS = YES;
				SWIFT_VERSION = 5.0;
				TARGETED_DEVICE_FAMILY = 1;
			};
			name = Debug;
		};
		5BCF551029C2CB2700A19759 /* Release */ = {
			isa = XCBuildConfiguration;
			buildSettings = {
				ALWAYS_EMBED_SWIFT_STANDARD_LIBRARIES = YES;
				ASSETCATALOG_COMPILER_APPICON_NAME = AppIcon;
				ASSETCATALOG_COMPILER_GLOBAL_ACCENT_COLOR_NAME = AccentColor;
				CODE_SIGN_ENTITLEMENTS = GongdeunTop/GongdeunTop.entitlements;
				CODE_SIGN_STYLE = Automatic;
				CURRENT_PROJECT_VERSION = 1;
				DEVELOPMENT_ASSET_PATHS = "\"GongdeunTop/Preview Content\"";
				DEVELOPMENT_TEAM = SUDPP9C593;
				ENABLE_PREVIEWS = YES;
				GENERATE_INFOPLIST_FILE = YES;
				INFOPLIST_FILE = GongdeunTop/Info.plist;
				INFOPLIST_KEY_CFBundleDisplayName = Monuti;
				INFOPLIST_KEY_LSApplicationCategoryType = "public.app-category.lifestyle";
				INFOPLIST_KEY_UIApplicationSceneManifest_Generation = YES;
				INFOPLIST_KEY_UIApplicationSupportsIndirectInputEvents = YES;
				INFOPLIST_KEY_UISupportedInterfaceOrientations = UIInterfaceOrientationPortrait;
				INFOPLIST_KEY_UISupportedInterfaceOrientations_iPad = "UIInterfaceOrientationLandscapeLeft UIInterfaceOrientationLandscapeRight UIInterfaceOrientationPortrait UIInterfaceOrientationPortraitUpsideDown";
				IPHONEOS_DEPLOYMENT_TARGET = 16.0;
				LD_RUNPATH_SEARCH_PATHS = (
					"$(inherited)",
					"@executable_path/Frameworks",
				);
				MARKETING_VERSION = 0.9.3;
				ONLY_ACTIVE_ARCH = YES;
				PRODUCT_BUNDLE_IDENTIFIER = com.martin.GongdeunTop;
				PRODUCT_NAME = "$(TARGET_NAME)";
				SUPPORTED_PLATFORMS = "iphoneos iphonesimulator";
				SUPPORTS_MACCATALYST = NO;
				SUPPORTS_MAC_DESIGNED_FOR_IPHONE_IPAD = NO;
				SWIFT_EMIT_LOC_STRINGS = YES;
				SWIFT_VERSION = 5.0;
				TARGETED_DEVICE_FAMILY = 1;
			};
			name = Release;
		};
/* End XCBuildConfiguration section */

/* Begin XCConfigurationList section */
		5B1384062A861C7300AC892C /* Build configuration list for PBXNativeTarget "ShieldConfiguration" */ = {
			isa = XCConfigurationList;
			buildConfigurations = (
				5B1384072A861C7300AC892C /* Debug */,
				5B1384082A861C7300AC892C /* Release */,
			);
			defaultConfigurationIsVisible = 0;
			defaultConfigurationName = Release;
		};
		5B1384282A8654EF00AC892C /* Build configuration list for PBXNativeTarget "AppshieldMonitor" */ = {
			isa = XCConfigurationList;
			buildConfigurations = (
				5B1384292A8654EF00AC892C /* Debug */,
				5B13842A2A8654EF00AC892C /* Release */,
			);
			defaultConfigurationIsVisible = 0;
			defaultConfigurationName = Release;
		};
		5BC3E06929C9EA4100863AD2 /* Build configuration list for PBXNativeTarget "GongdeunTopTests" */ = {
			isa = XCConfigurationList;
			buildConfigurations = (
				5BC3E06A29C9EA4100863AD2 /* Debug */,
				5BC3E06B29C9EA4100863AD2 /* Release */,
			);
			defaultConfigurationIsVisible = 0;
			defaultConfigurationName = Release;
		};
		5BCF54FB29C2CB2500A19759 /* Build configuration list for PBXProject "GongdeunTop" */ = {
			isa = XCConfigurationList;
			buildConfigurations = (
				5BCF550C29C2CB2700A19759 /* Debug */,
				5BCF550D29C2CB2700A19759 /* Release */,
			);
			defaultConfigurationIsVisible = 0;
			defaultConfigurationName = Release;
		};
		5BCF550E29C2CB2700A19759 /* Build configuration list for PBXNativeTarget "GongdeunTop" */ = {
			isa = XCConfigurationList;
			buildConfigurations = (
				5BCF550F29C2CB2700A19759 /* Debug */,
				5BCF551029C2CB2700A19759 /* Release */,
			);
			defaultConfigurationIsVisible = 0;
			defaultConfigurationName = Release;
		};
/* End XCConfigurationList section */

/* Begin XCRemoteSwiftPackageReference section */
		5B350D392A56BCE6000B8EF1 /* XCRemoteSwiftPackageReference "firebase-ios-sdk" */ = {
			isa = XCRemoteSwiftPackageReference;
			repositoryURL = "https://github.com/firebase/firebase-ios-sdk";
			requirement = {
				kind = upToNextMajorVersion;
				minimumVersion = 10.0.0;
			};
		};
		5B3CCAA92A70E32800973F43 /* XCRemoteSwiftPackageReference "Factory" */ = {
			isa = XCRemoteSwiftPackageReference;
			repositoryURL = "https://github.com/hmlongco/Factory.git";
			requirement = {
				kind = upToNextMajorVersion;
				minimumVersion = 2.0.0;
			};
		};
/* End XCRemoteSwiftPackageReference section */

/* Begin XCSwiftPackageProductDependency section */
		5B350D3A2A56BCE6000B8EF1 /* FirebaseAnalytics */ = {
			isa = XCSwiftPackageProductDependency;
			package = 5B350D392A56BCE6000B8EF1 /* XCRemoteSwiftPackageReference "firebase-ios-sdk" */;
			productName = FirebaseAnalytics;
		};
		5B350D3C2A56BCE6000B8EF1 /* FirebaseAuth */ = {
			isa = XCSwiftPackageProductDependency;
			package = 5B350D392A56BCE6000B8EF1 /* XCRemoteSwiftPackageReference "firebase-ios-sdk" */;
			productName = FirebaseAuth;
		};
		5B350D3E2A56BCE6000B8EF1 /* FirebaseFirestore */ = {
			isa = XCSwiftPackageProductDependency;
			package = 5B350D392A56BCE6000B8EF1 /* XCRemoteSwiftPackageReference "firebase-ios-sdk" */;
			productName = FirebaseFirestore;
		};
		5B350D402A56BCE6000B8EF1 /* FirebaseFirestoreSwift */ = {
			isa = XCSwiftPackageProductDependency;
			package = 5B350D392A56BCE6000B8EF1 /* XCRemoteSwiftPackageReference "firebase-ios-sdk" */;
			productName = FirebaseFirestoreSwift;
		};
		5B3CCAAA2A70E32800973F43 /* Factory */ = {
			isa = XCSwiftPackageProductDependency;
			package = 5B3CCAA92A70E32800973F43 /* XCRemoteSwiftPackageReference "Factory" */;
			productName = Factory;
		};
		5BA271FC2A6BF1C60078B6F3 /* FirebaseAuth */ = {
			isa = XCSwiftPackageProductDependency;
			package = 5B350D392A56BCE6000B8EF1 /* XCRemoteSwiftPackageReference "firebase-ios-sdk" */;
			productName = FirebaseAuth;
		};
		5BA271FE2A6BF1C60078B6F3 /* FirebaseFirestore */ = {
			isa = XCSwiftPackageProductDependency;
			package = 5B350D392A56BCE6000B8EF1 /* XCRemoteSwiftPackageReference "firebase-ios-sdk" */;
			productName = FirebaseFirestore;
		};
		5BA272002A6BF1C60078B6F3 /* FirebaseFirestoreSwift */ = {
			isa = XCSwiftPackageProductDependency;
			package = 5B350D392A56BCE6000B8EF1 /* XCRemoteSwiftPackageReference "firebase-ios-sdk" */;
			productName = FirebaseFirestoreSwift;
		};
/* End XCSwiftPackageProductDependency section */
	};
	rootObject = 5BCF54F829C2CB2500A19759 /* Project object */;
}
