// !$*UTF8*$!
{
	archiveVersion = 1;
	classes = {
	};
	objectVersion = 56;
	objects = {

/* Begin PBXBuildFile section */
		5B76D0F429C74FE0008883A8 /* TimerViewModel.swift in Sources */ = {isa = PBXBuildFile; fileRef = 5B76D0F329C74FE0008883A8 /* TimerViewModel.swift */; };
		5B76D0F629C76A2B008883A8 /* CircularSector.swift in Sources */ = {isa = PBXBuildFile; fileRef = 5B76D0F529C76A2B008883A8 /* CircularSector.swift */; };
		5BB4FEC429C81758009CCD43 /* SetTimeSheetViewController.swift in Sources */ = {isa = PBXBuildFile; fileRef = 5BB4FEC329C81758009CCD43 /* SetTimeSheetViewController.swift */; };
		5BB4FEC629C818CD009CCD43 /* MyView.swift in Sources */ = {isa = PBXBuildFile; fileRef = 5BB4FEC529C818CD009CCD43 /* MyView.swift */; };
		5BB4FEC829C83124009CCD43 /* ToDoViewModel.swift in Sources */ = {isa = PBXBuildFile; fileRef = 5BB4FEC729C83124009CCD43 /* ToDoViewModel.swift */; };
		5BB4FECA29C832D9009CCD43 /* ToDo.swift in Sources */ = {isa = PBXBuildFile; fileRef = 5BB4FEC929C832D9009CCD43 /* ToDo.swift */; };
		5BB4FECC29C83964009CCD43 /* HAlignment.swift in Sources */ = {isa = PBXBuildFile; fileRef = 5BB4FECB29C83964009CCD43 /* HAlignment.swift */; };
		5BCF550429C2CB2500A19759 /* GongdeunTopApp.swift in Sources */ = {isa = PBXBuildFile; fileRef = 5BCF550329C2CB2500A19759 /* GongdeunTopApp.swift */; };
		5BCF550629C2CB2500A19759 /* ContentView.swift in Sources */ = {isa = PBXBuildFile; fileRef = 5BCF550529C2CB2500A19759 /* ContentView.swift */; };
		5BCF550829C2CB2700A19759 /* Assets.xcassets in Resources */ = {isa = PBXBuildFile; fileRef = 5BCF550729C2CB2700A19759 /* Assets.xcassets */; };
		5BCF550B29C2CB2700A19759 /* Preview Assets.xcassets in Resources */ = {isa = PBXBuildFile; fileRef = 5BCF550A29C2CB2700A19759 /* Preview Assets.xcassets */; };
		5BCF551229C2E50100A19759 /* Color+Custom.swift in Sources */ = {isa = PBXBuildFile; fileRef = 5BCF551129C2E50100A19759 /* Color+Custom.swift */; };
		5BCF551429C305D300A19759 /* HomeView.swift in Sources */ = {isa = PBXBuildFile; fileRef = 5BCF551329C305D300A19759 /* HomeView.swift */; };
		5BCF551629C3065E00A19759 /* RecordView.swift in Sources */ = {isa = PBXBuildFile; fileRef = 5BCF551529C3065E00A19759 /* RecordView.swift */; };
		5BCF551B29C30D1600A19759 /* ToDoView.swift in Sources */ = {isa = PBXBuildFile; fileRef = 5BCF551A29C30D1600A19759 /* ToDoView.swift */; };
		5BCF551D29C30DA800A19759 /* TimerView.swift in Sources */ = {isa = PBXBuildFile; fileRef = 5BCF551C29C30DA800A19759 /* TimerView.swift */; };
		5BFFDB8529C5F299004C5376 /* SetTimeView.swift in Sources */ = {isa = PBXBuildFile; fileRef = 5BFFDB8429C5F298004C5376 /* SetTimeView.swift */; };
/* End PBXBuildFile section */

/* Begin PBXFileReference section */
		5B76D0F329C74FE0008883A8 /* TimerViewModel.swift */ = {isa = PBXFileReference; lastKnownFileType = sourcecode.swift; path = TimerViewModel.swift; sourceTree = "<group>"; };
		5B76D0F529C76A2B008883A8 /* CircularSector.swift */ = {isa = PBXFileReference; lastKnownFileType = sourcecode.swift; path = CircularSector.swift; sourceTree = "<group>"; };
		5BB4FEC329C81758009CCD43 /* SetTimeSheetViewController.swift */ = {isa = PBXFileReference; lastKnownFileType = sourcecode.swift; path = SetTimeSheetViewController.swift; sourceTree = "<group>"; };
		5BB4FEC529C818CD009CCD43 /* MyView.swift */ = {isa = PBXFileReference; lastKnownFileType = sourcecode.swift; path = MyView.swift; sourceTree = "<group>"; };
		5BB4FEC729C83124009CCD43 /* ToDoViewModel.swift */ = {isa = PBXFileReference; lastKnownFileType = sourcecode.swift; path = ToDoViewModel.swift; sourceTree = "<group>"; };
		5BB4FEC929C832D9009CCD43 /* ToDo.swift */ = {isa = PBXFileReference; lastKnownFileType = sourcecode.swift; path = ToDo.swift; sourceTree = "<group>"; };
		5BB4FECB29C83964009CCD43 /* HAlignment.swift */ = {isa = PBXFileReference; lastKnownFileType = sourcecode.swift; path = HAlignment.swift; sourceTree = "<group>"; };
		5BCF550029C2CB2500A19759 /* GongdeunTop.app */ = {isa = PBXFileReference; explicitFileType = wrapper.application; includeInIndex = 0; path = GongdeunTop.app; sourceTree = BUILT_PRODUCTS_DIR; };
		5BCF550329C2CB2500A19759 /* GongdeunTopApp.swift */ = {isa = PBXFileReference; lastKnownFileType = sourcecode.swift; path = GongdeunTopApp.swift; sourceTree = "<group>"; };
		5BCF550529C2CB2500A19759 /* ContentView.swift */ = {isa = PBXFileReference; lastKnownFileType = sourcecode.swift; path = ContentView.swift; sourceTree = "<group>"; };
		5BCF550729C2CB2700A19759 /* Assets.xcassets */ = {isa = PBXFileReference; lastKnownFileType = folder.assetcatalog; path = Assets.xcassets; sourceTree = "<group>"; };
		5BCF550A29C2CB2700A19759 /* Preview Assets.xcassets */ = {isa = PBXFileReference; lastKnownFileType = folder.assetcatalog; path = "Preview Assets.xcassets"; sourceTree = "<group>"; };
		5BCF551129C2E50100A19759 /* Color+Custom.swift */ = {isa = PBXFileReference; lastKnownFileType = sourcecode.swift; path = "Color+Custom.swift"; sourceTree = "<group>"; };
		5BCF551329C305D300A19759 /* HomeView.swift */ = {isa = PBXFileReference; lastKnownFileType = sourcecode.swift; path = HomeView.swift; sourceTree = "<group>"; };
		5BCF551529C3065E00A19759 /* RecordView.swift */ = {isa = PBXFileReference; lastKnownFileType = sourcecode.swift; path = RecordView.swift; sourceTree = "<group>"; };
		5BCF551A29C30D1600A19759 /* ToDoView.swift */ = {isa = PBXFileReference; lastKnownFileType = sourcecode.swift; path = ToDoView.swift; sourceTree = "<group>"; };
		5BCF551C29C30DA800A19759 /* TimerView.swift */ = {isa = PBXFileReference; lastKnownFileType = sourcecode.swift; path = TimerView.swift; sourceTree = "<group>"; };
		5BFFDB8429C5F298004C5376 /* SetTimeView.swift */ = {isa = PBXFileReference; lastKnownFileType = sourcecode.swift; path = SetTimeView.swift; sourceTree = "<group>"; };
/* End PBXFileReference section */

/* Begin PBXFrameworksBuildPhase section */
		5BCF54FD29C2CB2500A19759 /* Frameworks */ = {
			isa = PBXFrameworksBuildPhase;
			buildActionMask = 2147483647;
			files = (
			);
			runOnlyForDeploymentPostprocessing = 0;
		};
/* End PBXFrameworksBuildPhase section */

/* Begin PBXGroup section */
		5B76D0F729C7755A008883A8 /* ViewModels */ = {
			isa = PBXGroup;
			children = (
				5B76D0F329C74FE0008883A8 /* TimerViewModel.swift */,
				5BB4FEC729C83124009CCD43 /* ToDoViewModel.swift */,
			);
			path = ViewModels;
			sourceTree = "<group>";
		};
		5BCF54F729C2CB2500A19759 = {
			isa = PBXGroup;
			children = (
				5BCF550229C2CB2500A19759 /* GongdeunTop */,
				5BCF550129C2CB2500A19759 /* Products */,
			);
			sourceTree = "<group>";
		};
		5BCF550129C2CB2500A19759 /* Products */ = {
			isa = PBXGroup;
			children = (
				5BCF550029C2CB2500A19759 /* GongdeunTop.app */,
			);
			name = Products;
			sourceTree = "<group>";
		};
		5BCF550229C2CB2500A19759 /* GongdeunTop */ = {
			isa = PBXGroup;
			children = (
				5BCF550329C2CB2500A19759 /* GongdeunTopApp.swift */,
				5BB4FEC329C81758009CCD43 /* SetTimeSheetViewController.swift */,
				5BB4FEC529C818CD009CCD43 /* MyView.swift */,
				5BB4FEC929C832D9009CCD43 /* ToDo.swift */,
				5BB4FECB29C83964009CCD43 /* HAlignment.swift */,
				5B76D0F729C7755A008883A8 /* ViewModels */,
				5BCF551729C3066A00A19759 /* Views */,
				5BCF551129C2E50100A19759 /* Color+Custom.swift */,
				5BCF550729C2CB2700A19759 /* Assets.xcassets */,
				5BCF550929C2CB2700A19759 /* Preview Content */,
				5B76D0F529C76A2B008883A8 /* CircularSector.swift */,
			);
			path = GongdeunTop;
			sourceTree = "<group>";
		};
		5BCF550929C2CB2700A19759 /* Preview Content */ = {
			isa = PBXGroup;
			children = (
				5BCF550A29C2CB2700A19759 /* Preview Assets.xcassets */,
			);
			path = "Preview Content";
			sourceTree = "<group>";
		};
		5BCF551729C3066A00A19759 /* Views */ = {
			isa = PBXGroup;
			children = (
				5BCF550529C2CB2500A19759 /* ContentView.swift */,
				5BCF551829C3067500A19759 /* Home */,
				5BCF551929C3067C00A19759 /* Record */,
			);
			path = Views;
			sourceTree = "<group>";
		};
		5BCF551829C3067500A19759 /* Home */ = {
			isa = PBXGroup;
			children = (
				5BCF551329C305D300A19759 /* HomeView.swift */,
				5BFFDB8429C5F298004C5376 /* SetTimeView.swift */,
				5BCF551A29C30D1600A19759 /* ToDoView.swift */,
				5BCF551C29C30DA800A19759 /* TimerView.swift */,
			);
			path = Home;
			sourceTree = "<group>";
		};
		5BCF551929C3067C00A19759 /* Record */ = {
			isa = PBXGroup;
			children = (
				5BCF551529C3065E00A19759 /* RecordView.swift */,
			);
			path = Record;
			sourceTree = "<group>";
		};
/* End PBXGroup section */

/* Begin PBXNativeTarget section */
		5BCF54FF29C2CB2500A19759 /* GongdeunTop */ = {
			isa = PBXNativeTarget;
			buildConfigurationList = 5BCF550E29C2CB2700A19759 /* Build configuration list for PBXNativeTarget "GongdeunTop" */;
			buildPhases = (
				5BCF54FC29C2CB2500A19759 /* Sources */,
				5BCF54FD29C2CB2500A19759 /* Frameworks */,
				5BCF54FE29C2CB2500A19759 /* Resources */,
			);
			buildRules = (
			);
			dependencies = (
			);
			name = GongdeunTop;
			productName = GongdeunTop;
			productReference = 5BCF550029C2CB2500A19759 /* GongdeunTop.app */;
			productType = "com.apple.product-type.application";
		};
/* End PBXNativeTarget section */

/* Begin PBXProject section */
		5BCF54F829C2CB2500A19759 /* Project object */ = {
			isa = PBXProject;
			attributes = {
				BuildIndependentTargetsInParallel = 1;
				LastSwiftUpdateCheck = 1420;
				LastUpgradeCheck = 1420;
				TargetAttributes = {
					5BCF54FF29C2CB2500A19759 = {
						CreatedOnToolsVersion = 14.2;
					};
				};
			};
			buildConfigurationList = 5BCF54FB29C2CB2500A19759 /* Build configuration list for PBXProject "GongdeunTop" */;
			compatibilityVersion = "Xcode 14.0";
			developmentRegion = en;
			hasScannedForEncodings = 0;
			knownRegions = (
				en,
				Base,
			);
			mainGroup = 5BCF54F729C2CB2500A19759;
			productRefGroup = 5BCF550129C2CB2500A19759 /* Products */;
			projectDirPath = "";
			projectRoot = "";
			targets = (
				5BCF54FF29C2CB2500A19759 /* GongdeunTop */,
			);
		};
/* End PBXProject section */

/* Begin PBXResourcesBuildPhase section */
		5BCF54FE29C2CB2500A19759 /* Resources */ = {
			isa = PBXResourcesBuildPhase;
			buildActionMask = 2147483647;
			files = (
				5BCF550B29C2CB2700A19759 /* Preview Assets.xcassets in Resources */,
				5BCF550829C2CB2700A19759 /* Assets.xcassets in Resources */,
			);
			runOnlyForDeploymentPostprocessing = 0;
		};
/* End PBXResourcesBuildPhase section */

/* Begin PBXSourcesBuildPhase section */
		5BCF54FC29C2CB2500A19759 /* Sources */ = {
			isa = PBXSourcesBuildPhase;
			buildActionMask = 2147483647;
			files = (
				5BB4FEC629C818CD009CCD43 /* MyView.swift in Sources */,
				5BB4FECA29C832D9009CCD43 /* ToDo.swift in Sources */,
				5BCF551D29C30DA800A19759 /* TimerView.swift in Sources */,
				5B76D0F429C74FE0008883A8 /* TimerViewModel.swift in Sources */,
				5BCF551229C2E50100A19759 /* Color+Custom.swift in Sources */,
				5BFFDB8529C5F299004C5376 /* SetTimeView.swift in Sources */,
				5BCF551429C305D300A19759 /* HomeView.swift in Sources */,
				5BCF550629C2CB2500A19759 /* ContentView.swift in Sources */,
				5BCF551629C3065E00A19759 /* RecordView.swift in Sources */,
				5BCF551B29C30D1600A19759 /* ToDoView.swift in Sources */,
				5BB4FEC829C83124009CCD43 /* ToDoViewModel.swift in Sources */,
				5B76D0F629C76A2B008883A8 /* CircularSector.swift in Sources */,
				5BB4FEC429C81758009CCD43 /* SetTimeSheetViewController.swift in Sources */,
				5BCF550429C2CB2500A19759 /* GongdeunTopApp.swift in Sources */,
				5BB4FECC29C83964009CCD43 /* HAlignment.swift in Sources */,
			);
			runOnlyForDeploymentPostprocessing = 0;
		};
/* End PBXSourcesBuildPhase section */

/* Begin XCBuildConfiguration section */
		5BCF550C29C2CB2700A19759 /* Debug */ = {
			isa = XCBuildConfiguration;
			buildSettings = {
				ALWAYS_SEARCH_USER_PATHS = NO;
				CLANG_ANALYZER_NONNULL = YES;
				CLANG_ANALYZER_NUMBER_OBJECT_CONVERSION = YES_AGGRESSIVE;
				CLANG_CXX_LANGUAGE_STANDARD = "gnu++20";
				CLANG_ENABLE_MODULES = YES;
				CLANG_ENABLE_OBJC_ARC = YES;
				CLANG_ENABLE_OBJC_WEAK = YES;
				CLANG_WARN_BLOCK_CAPTURE_AUTORELEASING = YES;
				CLANG_WARN_BOOL_CONVERSION = YES;
				CLANG_WARN_COMMA = YES;
				CLANG_WARN_CONSTANT_CONVERSION = YES;
				CLANG_WARN_DEPRECATED_OBJC_IMPLEMENTATIONS = YES;
				CLANG_WARN_DIRECT_OBJC_ISA_USAGE = YES_ERROR;
				CLANG_WARN_DOCUMENTATION_COMMENTS = YES;
				CLANG_WARN_EMPTY_BODY = YES;
				CLANG_WARN_ENUM_CONVERSION = YES;
				CLANG_WARN_INFINITE_RECURSION = YES;
				CLANG_WARN_INT_CONVERSION = YES;
				CLANG_WARN_NON_LITERAL_NULL_CONVERSION = YES;
				CLANG_WARN_OBJC_IMPLICIT_RETAIN_SELF = YES;
				CLANG_WARN_OBJC_LITERAL_CONVERSION = YES;
				CLANG_WARN_OBJC_ROOT_CLASS = YES_ERROR;
				CLANG_WARN_QUOTED_INCLUDE_IN_FRAMEWORK_HEADER = YES;
				CLANG_WARN_RANGE_LOOP_ANALYSIS = YES;
				CLANG_WARN_STRICT_PROTOTYPES = YES;
				CLANG_WARN_SUSPICIOUS_MOVE = YES;
				CLANG_WARN_UNGUARDED_AVAILABILITY = YES_AGGRESSIVE;
				CLANG_WARN_UNREACHABLE_CODE = YES;
				CLANG_WARN__DUPLICATE_METHOD_MATCH = YES;
				COPY_PHASE_STRIP = NO;
				DEBUG_INFORMATION_FORMAT = dwarf;
				ENABLE_STRICT_OBJC_MSGSEND = YES;
				ENABLE_TESTABILITY = YES;
				GCC_C_LANGUAGE_STANDARD = gnu11;
				GCC_DYNAMIC_NO_PIC = NO;
				GCC_NO_COMMON_BLOCKS = YES;
				GCC_OPTIMIZATION_LEVEL = 0;
				GCC_PREPROCESSOR_DEFINITIONS = (
					"DEBUG=1",
					"$(inherited)",
				);
				GCC_WARN_64_TO_32_BIT_CONVERSION = YES;
				GCC_WARN_ABOUT_RETURN_TYPE = YES_ERROR;
				GCC_WARN_UNDECLARED_SELECTOR = YES;
				GCC_WARN_UNINITIALIZED_AUTOS = YES_AGGRESSIVE;
				GCC_WARN_UNUSED_FUNCTION = YES;
				GCC_WARN_UNUSED_VARIABLE = YES;
				IPHONEOS_DEPLOYMENT_TARGET = 15.0;
				MTL_ENABLE_DEBUG_INFO = INCLUDE_SOURCE;
				MTL_FAST_MATH = YES;
				ONLY_ACTIVE_ARCH = YES;
				SDKROOT = iphoneos;
				SWIFT_ACTIVE_COMPILATION_CONDITIONS = DEBUG;
				SWIFT_OPTIMIZATION_LEVEL = "-Onone";
			};
			name = Debug;
		};
		5BCF550D29C2CB2700A19759 /* Release */ = {
			isa = XCBuildConfiguration;
			buildSettings = {
				ALWAYS_SEARCH_USER_PATHS = NO;
				CLANG_ANALYZER_NONNULL = YES;
				CLANG_ANALYZER_NUMBER_OBJECT_CONVERSION = YES_AGGRESSIVE;
				CLANG_CXX_LANGUAGE_STANDARD = "gnu++20";
				CLANG_ENABLE_MODULES = YES;
				CLANG_ENABLE_OBJC_ARC = YES;
				CLANG_ENABLE_OBJC_WEAK = YES;
				CLANG_WARN_BLOCK_CAPTURE_AUTORELEASING = YES;
				CLANG_WARN_BOOL_CONVERSION = YES;
				CLANG_WARN_COMMA = YES;
				CLANG_WARN_CONSTANT_CONVERSION = YES;
				CLANG_WARN_DEPRECATED_OBJC_IMPLEMENTATIONS = YES;
				CLANG_WARN_DIRECT_OBJC_ISA_USAGE = YES_ERROR;
				CLANG_WARN_DOCUMENTATION_COMMENTS = YES;
				CLANG_WARN_EMPTY_BODY = YES;
				CLANG_WARN_ENUM_CONVERSION = YES;
				CLANG_WARN_INFINITE_RECURSION = YES;
				CLANG_WARN_INT_CONVERSION = YES;
				CLANG_WARN_NON_LITERAL_NULL_CONVERSION = YES;
				CLANG_WARN_OBJC_IMPLICIT_RETAIN_SELF = YES;
				CLANG_WARN_OBJC_LITERAL_CONVERSION = YES;
				CLANG_WARN_OBJC_ROOT_CLASS = YES_ERROR;
				CLANG_WARN_QUOTED_INCLUDE_IN_FRAMEWORK_HEADER = YES;
				CLANG_WARN_RANGE_LOOP_ANALYSIS = YES;
				CLANG_WARN_STRICT_PROTOTYPES = YES;
				CLANG_WARN_SUSPICIOUS_MOVE = YES;
				CLANG_WARN_UNGUARDED_AVAILABILITY = YES_AGGRESSIVE;
				CLANG_WARN_UNREACHABLE_CODE = YES;
				CLANG_WARN__DUPLICATE_METHOD_MATCH = YES;
				COPY_PHASE_STRIP = NO;
				DEBUG_INFORMATION_FORMAT = "dwarf-with-dsym";
				ENABLE_NS_ASSERTIONS = NO;
				ENABLE_STRICT_OBJC_MSGSEND = YES;
				GCC_C_LANGUAGE_STANDARD = gnu11;
				GCC_NO_COMMON_BLOCKS = YES;
				GCC_WARN_64_TO_32_BIT_CONVERSION = YES;
				GCC_WARN_ABOUT_RETURN_TYPE = YES_ERROR;
				GCC_WARN_UNDECLARED_SELECTOR = YES;
				GCC_WARN_UNINITIALIZED_AUTOS = YES_AGGRESSIVE;
				GCC_WARN_UNUSED_FUNCTION = YES;
				GCC_WARN_UNUSED_VARIABLE = YES;
				IPHONEOS_DEPLOYMENT_TARGET = 15.0;
				MTL_ENABLE_DEBUG_INFO = NO;
				MTL_FAST_MATH = YES;
				SDKROOT = iphoneos;
				SWIFT_COMPILATION_MODE = wholemodule;
				SWIFT_OPTIMIZATION_LEVEL = "-O";
				VALIDATE_PRODUCT = YES;
			};
			name = Release;
		};
		5BCF550F29C2CB2700A19759 /* Debug */ = {
			isa = XCBuildConfiguration;
			buildSettings = {
				ASSETCATALOG_COMPILER_APPICON_NAME = AppIcon;
				ASSETCATALOG_COMPILER_GLOBAL_ACCENT_COLOR_NAME = AccentColor;
				CODE_SIGN_STYLE = Automatic;
				CURRENT_PROJECT_VERSION = 1;
				DEVELOPMENT_ASSET_PATHS = "\"GongdeunTop/Preview Content\"";
				DEVELOPMENT_TEAM = SUDPP9C593;
				ENABLE_PREVIEWS = YES;
				GENERATE_INFOPLIST_FILE = YES;
				INFOPLIST_KEY_CFBundleDisplayName = "공든 탑";
				INFOPLIST_KEY_LSApplicationCategoryType = "public.app-category.productivity";
				INFOPLIST_KEY_UIApplicationSceneManifest_Generation = YES;
				INFOPLIST_KEY_UIApplicationSupportsIndirectInputEvents = YES;
				INFOPLIST_KEY_UILaunchScreen_Generation = YES;
				INFOPLIST_KEY_UISupportedInterfaceOrientations_iPad = "UIInterfaceOrientationPortrait UIInterfaceOrientationPortraitUpsideDown UIInterfaceOrientationLandscapeLeft UIInterfaceOrientationLandscapeRight";
				INFOPLIST_KEY_UISupportedInterfaceOrientations_iPhone = "UIInterfaceOrientationPortrait UIInterfaceOrientationLandscapeLeft UIInterfaceOrientationLandscapeRight";
				IPHONEOS_DEPLOYMENT_TARGET = 15.0;
				LD_RUNPATH_SEARCH_PATHS = (
					"$(inherited)",
					"@executable_path/Frameworks",
				);
				MARKETING_VERSION = 1.0;
				PRODUCT_BUNDLE_IDENTIFIER = com.martin.GongdeunTop;
				PRODUCT_NAME = "$(TARGET_NAME)";
				SUPPORTED_PLATFORMS = "iphoneos iphonesimulator";
				SUPPORTS_MACCATALYST = NO;
				SUPPORTS_MAC_DESIGNED_FOR_IPHONE_IPAD = NO;
				SWIFT_EMIT_LOC_STRINGS = YES;
				SWIFT_VERSION = 5.0;
				TARGETED_DEVICE_FAMILY = "1,2";
			};
			name = Debug;
		};
		5BCF551029C2CB2700A19759 /* Release */ = {
			isa = XCBuildConfiguration;
			buildSettings = {
				ASSETCATALOG_COMPILER_APPICON_NAME = AppIcon;
				ASSETCATALOG_COMPILER_GLOBAL_ACCENT_COLOR_NAME = AccentColor;
				CODE_SIGN_STYLE = Automatic;
				CURRENT_PROJECT_VERSION = 1;
				DEVELOPMENT_ASSET_PATHS = "\"GongdeunTop/Preview Content\"";
				DEVELOPMENT_TEAM = SUDPP9C593;
				ENABLE_PREVIEWS = YES;
				GENERATE_INFOPLIST_FILE = YES;
				INFOPLIST_KEY_CFBundleDisplayName = "공든 탑";
				INFOPLIST_KEY_LSApplicationCategoryType = "public.app-category.productivity";
				INFOPLIST_KEY_UIApplicationSceneManifest_Generation = YES;
				INFOPLIST_KEY_UIApplicationSupportsIndirectInputEvents = YES;
				INFOPLIST_KEY_UILaunchScreen_Generation = YES;
				INFOPLIST_KEY_UISupportedInterfaceOrientations_iPad = "UIInterfaceOrientationPortrait UIInterfaceOrientationPortraitUpsideDown UIInterfaceOrientationLandscapeLeft UIInterfaceOrientationLandscapeRight";
				INFOPLIST_KEY_UISupportedInterfaceOrientations_iPhone = "UIInterfaceOrientationPortrait UIInterfaceOrientationLandscapeLeft UIInterfaceOrientationLandscapeRight";
				IPHONEOS_DEPLOYMENT_TARGET = 15.0;
				LD_RUNPATH_SEARCH_PATHS = (
					"$(inherited)",
					"@executable_path/Frameworks",
				);
				MARKETING_VERSION = 1.0;
				PRODUCT_BUNDLE_IDENTIFIER = com.martin.GongdeunTop;
				PRODUCT_NAME = "$(TARGET_NAME)";
				SUPPORTED_PLATFORMS = "iphoneos iphonesimulator";
				SUPPORTS_MACCATALYST = NO;
				SUPPORTS_MAC_DESIGNED_FOR_IPHONE_IPAD = NO;
				SWIFT_EMIT_LOC_STRINGS = YES;
				SWIFT_VERSION = 5.0;
				TARGETED_DEVICE_FAMILY = "1,2";
			};
			name = Release;
		};
/* End XCBuildConfiguration section */

/* Begin XCConfigurationList section */
		5BCF54FB29C2CB2500A19759 /* Build configuration list for PBXProject "GongdeunTop" */ = {
			isa = XCConfigurationList;
			buildConfigurations = (
				5BCF550C29C2CB2700A19759 /* Debug */,
				5BCF550D29C2CB2700A19759 /* Release */,
			);
			defaultConfigurationIsVisible = 0;
			defaultConfigurationName = Release;
		};
		5BCF550E29C2CB2700A19759 /* Build configuration list for PBXNativeTarget "GongdeunTop" */ = {
			isa = XCConfigurationList;
			buildConfigurations = (
				5BCF550F29C2CB2700A19759 /* Debug */,
				5BCF551029C2CB2700A19759 /* Release */,
			);
			defaultConfigurationIsVisible = 0;
			defaultConfigurationName = Release;
		};
/* End XCConfigurationList section */
	};
	rootObject = 5BCF54F829C2CB2500A19759 /* Project object */;
}
